// !$*UTF8*$!
{
	archiveVersion = 1;
	classes = {
	};
	objectVersion = 46;
	objects = {

/* Begin PBXBuildFile section */
		19BB41C75FD373B9B905B51D /* ProductCellNode.swift in Sources */ = {isa = PBXBuildFile; fileRef = 19BB48AFDFEC94CCC6894936 /* ProductCellNode.swift */; };
		19BB421BFC522BE396C678DE /* PushUpPresentingTransitioning.swift in Sources */ = {isa = PBXBuildFile; fileRef = 19BB497AD72C08E8A62D5A18 /* PushUpPresentingTransitioning.swift */; };
		19BB44CE80D53BF3F610154E /* MainViewController.swift in Sources */ = {isa = PBXBuildFile; fileRef = 19BB4BC0CF6F2C3200B99AEE /* MainViewController.swift */; };
		19BB4529FE30768E8B28DCAF /* Price.swift in Sources */ = {isa = PBXBuildFile; fileRef = 19BB450AEB4CA2BA6CF573BC /* Price.swift */; };
		19BB459E4AC99868DF72C5B2 /* SlideDownDismissingTransitioning.swift in Sources */ = {isa = PBXBuildFile; fileRef = 19BB41A56D3087B06848404B /* SlideDownDismissingTransitioning.swift */; };
		19BB485CFD3BF7ECAE14EC5E /* OneColumnLayout.swift in Sources */ = {isa = PBXBuildFile; fileRef = 19BB4E7419EC6262ACB49B2B /* OneColumnLayout.swift */; };
		19BB488254FA94D583D1E0FD /* AddressViewController.swift in Sources */ = {isa = PBXBuildFile; fileRef = 19BB4E425A2EEEA1D5597843 /* AddressViewController.swift */; };
		19BB49956BFF478EB154255C /* PushDownDismissingTransitioning.swift in Sources */ = {isa = PBXBuildFile; fileRef = 19BB4846331046CBA337814C /* PushDownDismissingTransitioning.swift */; };
		19BB4D0FBB206525B2AE5C2F /* UserSettings.swift in Sources */ = {isa = PBXBuildFile; fileRef = 19BB4EDE411E92ABDA1E1EDC /* UserSettings.swift */; };
		19BB4DCFECEA4DD0D09F6E3D /* SlideUpPresentingTransitioning.swift in Sources */ = {isa = PBXBuildFile; fileRef = 19BB417754B76F063EB98214 /* SlideUpPresentingTransitioning.swift */; };
		1D6565BCCCEE9612FD7CFA21 /* Pods_sushnaya_ios_tests.framework in Frameworks */ = {isa = PBXBuildFile; fileRef = C7364172E21650F8281B034E /* Pods_sushnaya_ios_tests.framework */; };
		2E218B511F4B4B8000B5213C /* AddressContentNode.swift in Sources */ = {isa = PBXBuildFile; fileRef = 2E218B501F4B4B8000B5213C /* AddressContentNode.swift */; };
		2E218B531F4ED55600B5213C /* OrderViewController.swift in Sources */ = {isa = PBXBuildFile; fileRef = 2E218B521F4ED55600B5213C /* OrderViewController.swift */; };
		2E2FF1141E9F8E03006B9321 /* CartNode.swift in Sources */ = {isa = PBXBuildFile; fileRef = 2E2FF1131E9F8E03006B9321 /* CartNode.swift */; };
		2E2FF1161E9FD0C1006B9321 /* CartContentNode.swift in Sources */ = {isa = PBXBuildFile; fileRef = 2E2FF1151E9FD0C1006B9321 /* CartContentNode.swift */; };
		2E2FF11E1EA122F0006B9321 /* CartItemCellNode.swift in Sources */ = {isa = PBXBuildFile; fileRef = 2E2FF11D1EA122F0006B9321 /* CartItemCellNode.swift */; };
		2E2FF1201EA22F60006B9321 /* Label.swift in Sources */ = {isa = PBXBuildFile; fileRef = 2E2FF11F1EA22F60006B9321 /* Label.swift */; };
		2E2FF1221EA391AE006B9321 /* CartToolbarNode.swift in Sources */ = {isa = PBXBuildFile; fileRef = 2E2FF1211EA391AD006B9321 /* CartToolbarNode.swift */; };
		2E2FF1261EA65845006B9321 /* DataStructure.swift in Sources */ = {isa = PBXBuildFile; fileRef = 2E2FF1251EA65845006B9321 /* DataStructure.swift */; };
		2E2FF1281EA65963006B9321 /* AddToCartEvent.swift in Sources */ = {isa = PBXBuildFile; fileRef = 2E2FF1271EA65963006B9321 /* AddToCartEvent.swift */; };
		2E2FF12A1EA659FC006B9321 /* RemoveFromCartEvent.swift in Sources */ = {isa = PBXBuildFile; fileRef = 2E2FF1291EA659FC006B9321 /* RemoveFromCartEvent.swift */; };
		2E2FF1371EA693BA006B9321 /* CartTest.swift in Sources */ = {isa = PBXBuildFile; fileRef = 2E2FF1361EA693BA006B9321 /* CartTest.swift */; };
		2E3013381EEAF7F800CAD153 /* CashOptionsSectionNode.swift in Sources */ = {isa = PBXBuildFile; fileRef = 2E3013371EEAF7F800CAD153 /* CashOptionsSectionNode.swift */; };
		2E479F0A1F33920000396965 /* FoodServiceDto.pb.swift in Sources */ = {isa = PBXBuildFile; fileRef = 2E479F091F33920000396965 /* FoodServiceDto.pb.swift */; };
		2E479F101F34FC2600396965 /* HorizontalLinearFlowLayout.swift in Sources */ = {isa = PBXBuildFile; fileRef = 2E479F0F1F34FC2600396965 /* HorizontalLinearFlowLayout.swift */; };
		2E48F2791E98EB5000DCBBC6 /* Cart.swift in Sources */ = {isa = PBXBuildFile; fileRef = 2E48F2781E98EB5000DCBBC6 /* Cart.swift */; };
		2E48F27B1E99475000DCBBC6 /* CartButton.swift in Sources */ = {isa = PBXBuildFile; fileRef = 2E48F27A1E99475000DCBBC6 /* CartButton.swift */; };
		2E48F27D1E99660E00DCBBC6 /* Geometry.swift in Sources */ = {isa = PBXBuildFile; fileRef = 2E48F27C1E99660E00DCBBC6 /* Geometry.swift */; };
		2E48F27F1E9AB27900DCBBC6 /* PriceNode.swift in Sources */ = {isa = PBXBuildFile; fileRef = 2E48F27E1E9AB27900DCBBC6 /* PriceNode.swift */; };
		2E63727D1E803945009EE5B8 /* TermsOfUse.html in Resources */ = {isa = PBXBuildFile; fileRef = 2E63727C1E803945009EE5B8 /* TermsOfUse.html */; };
		2E64933E1E9D0D1000375F33 /* DidAddToCartEvent.swift in Sources */ = {isa = PBXBuildFile; fileRef = 2E64933D1E9D0D1000375F33 /* DidAddToCartEvent.swift */; };
		2E6493401E9D129B00375F33 /* DidRemoveFromCartEvent.swift in Sources */ = {isa = PBXBuildFile; fileRef = 2E64933F1E9D129B00375F33 /* DidRemoveFromCartEvent.swift */; };
		2E6AF3041EB3A32C00254D3B /* AddressMapNode.swift in Sources */ = {isa = PBXBuildFile; fileRef = 2E6AF3031EB3A32C00254D3B /* AddressMapNode.swift */; };
		2E6AF3061EB3A34000254D3B /* AddressFormNode.swift in Sources */ = {isa = PBXBuildFile; fileRef = 2E6AF3051EB3A34000254D3B /* AddressFormNode.swift */; };
		2E6AF3081EB3AB5800254D3B /* AddressNavbarNode.swift in Sources */ = {isa = PBXBuildFile; fileRef = 2E6AF3071EB3AB5800254D3B /* AddressNavbarNode.swift */; };
		2E7AE6FD1EC9AEAB00748C33 /* CheckoutViewController.swift in Sources */ = {isa = PBXBuildFile; fileRef = 2E7AE6FC1EC9AEAB00748C33 /* CheckoutViewController.swift */; };
		2E7AED301F07AEA800E01884 /* AddressCellNode.swift in Sources */ = {isa = PBXBuildFile; fileRef = 2E7AED2F1F07AEA700E01884 /* AddressCellNode.swift */; };
		2E7AED321F07B45D00E01884 /* AddAddressCellNode.swift in Sources */ = {isa = PBXBuildFile; fileRef = 2E7AED311F07B45D00E01884 /* AddAddressCellNode.swift */; };
		2E7BCA681E7B087500B6FEE6 /* intro_video.mp4 in Resources */ = {isa = PBXBuildFile; fileRef = 2E7BCA671E7B087500B6FEE6 /* intro_video.mp4 */; };
		2E80ACEA1E8FAC9B00D0DBCF /* DefaultCellNode.swift in Sources */ = {isa = PBXBuildFile; fileRef = 2E80ACE91E8FAC9B00D0DBCF /* DefaultCellNode.swift */; };
		2E9147011EB32DFC00E0D312 /* SegmentedControlNode.swift in Sources */ = {isa = PBXBuildFile; fileRef = 2E9147001EB32DFC00E0D312 /* SegmentedControlNode.swift */; };
		2E9147031EB3388400E0D312 /* ASControlNodeExt.swift in Sources */ = {isa = PBXBuildFile; fileRef = 2E9147021EB3388400E0D312 /* ASControlNodeExt.swift */; };
		2E926DE21E8E53D100070538 /* App.swift in Sources */ = {isa = PBXBuildFile; fileRef = 2E926DDE1E8E53D100070538 /* App.swift */; };
		2E926DE31E8E53D100070538 /* UserSession.swift in Sources */ = {isa = PBXBuildFile; fileRef = 2E926DDF1E8E53D100070538 /* UserSession.swift */; };
		2E926DE51E8E53D100070538 /* FoodServiceWebsocket.swift in Sources */ = {isa = PBXBuildFile; fileRef = 2E926DE11E8E53D100070538 /* FoodServiceWebsocket.swift */; };
		2E926DF01E8E53E100070538 /* DidAuthenticateEvent.swift in Sources */ = {isa = PBXBuildFile; fileRef = 2E926DE61E8E53E100070538 /* DidAuthenticateEvent.swift */; };
		2E926DF11E8E53E100070538 /* Event.swift in Sources */ = {isa = PBXBuildFile; fileRef = 2E926DE71E8E53E100070538 /* Event.swift */; };
		2E926DF21E8E53E100070538 /* TermsOfUseUpdatedEvent.swift in Sources */ = {isa = PBXBuildFile; fileRef = 2E926DE81E8E53E100070538 /* TermsOfUseUpdatedEvent.swift */; };
		2E926DF31E8E53E100070538 /* OpeningConnectionAPIChatEvent.swift in Sources */ = {isa = PBXBuildFile; fileRef = 2E926DE91E8E53E100070538 /* OpeningConnectionAPIChatEvent.swift */; };
		2E926DF41E8E53E100070538 /* APIChatErrorEvent.swift in Sources */ = {isa = PBXBuildFile; fileRef = 2E926DEA1E8E53E100070538 /* APIChatErrorEvent.swift */; };
		2E926DF51E8E53E100070538 /* ConnectionDidOpenAPIChatEvent.swift in Sources */ = {isa = PBXBuildFile; fileRef = 2E926DEB1E8E53E100070538 /* ConnectionDidOpenAPIChatEvent.swift */; };
		2E926DF61E8E53E100070538 /* ConnectionDidCloseAPIChatEvent.swift in Sources */ = {isa = PBXBuildFile; fileRef = 2E926DEC1E8E53E100070538 /* ConnectionDidCloseAPIChatEvent.swift */; };
		2E926DF71E8E53E100070538 /* SelectMenuEvent.swift in Sources */ = {isa = PBXBuildFile; fileRef = 2E926DED1E8E53E100070538 /* SelectMenuEvent.swift */; };
		2E926DF81E8E53E100070538 /* GetMenuEvent.swift in Sources */ = {isa = PBXBuildFile; fileRef = 2E926DEE1E8E53E100070538 /* GetMenuEvent.swift */; };
		2E926DF91E8E53E100070538 /* DidSelectMenuEvent.swift in Sources */ = {isa = PBXBuildFile; fileRef = 2E926DEF1E8E53E100070538 /* DidSelectMenuEvent.swift */; };
		2E926DFE1E8E53F700070538 /* SignInViewController.swift in Sources */ = {isa = PBXBuildFile; fileRef = 2E926DFA1E8E53F700070538 /* SignInViewController.swift */; };
		2E926DFF1E8E53F700070538 /* PhoneNumberViewController.swift in Sources */ = {isa = PBXBuildFile; fileRef = 2E926DFB1E8E53F700070538 /* PhoneNumberViewController.swift */; };
		2E926E001E8E53F700070538 /* VerificationCodeViewController.swift in Sources */ = {isa = PBXBuildFile; fileRef = 2E926DFC1E8E53F700070538 /* VerificationCodeViewController.swift */; };
		2E926E011E8E53F700070538 /* TermsOfUseViewController.swift in Sources */ = {isa = PBXBuildFile; fileRef = 2E926DFD1E8E53F700070538 /* TermsOfUseViewController.swift */; };
		2E926E071E8E540000070538 /* HomeViewController.swift in Sources */ = {isa = PBXBuildFile; fileRef = 2E926E021E8E540000070538 /* HomeViewController.swift */; };
		2E926E081E8E540000070538 /* SettingsViewController.swift in Sources */ = {isa = PBXBuildFile; fileRef = 2E926E031E8E540000070538 /* SettingsViewController.swift */; };
		2E926E091E8E540000070538 /* MenusViewController.swift in Sources */ = {isa = PBXBuildFile; fileRef = 2E926E041E8E540000070538 /* MenusViewController.swift */; };
		2E926E0B1E8E540000070538 /* FiltersViewController.swift in Sources */ = {isa = PBXBuildFile; fileRef = 2E926E061E8E540000070538 /* FiltersViewController.swift */; };
		2E926E0D1E8E540900070538 /* PaperFold.swift in Sources */ = {isa = PBXBuildFile; fileRef = 2E926E0C1E8E540900070538 /* PaperFold.swift */; };
		2E926E131E8E544300070538 /* PaperButton.swift in Sources */ = {isa = PBXBuildFile; fileRef = 2E926E101E8E544300070538 /* PaperButton.swift */; };
		2E926E141E8E544300070538 /* PaperElevation.swift in Sources */ = {isa = PBXBuildFile; fileRef = 2E926E111E8E544300070538 /* PaperElevation.swift */; };
		2E926E151E8E544300070538 /* PaperColor.swift in Sources */ = {isa = PBXBuildFile; fileRef = 2E926E121E8E544300070538 /* PaperColor.swift */; };
		2E926E181E8E546000070538 /* ButtonNode.swift in Sources */ = {isa = PBXBuildFile; fileRef = 2E926E171E8E546000070538 /* ButtonNode.swift */; };
		2E926E1D1E8E546A00070538 /* SignInNode.swift in Sources */ = {isa = PBXBuildFile; fileRef = 2E926E191E8E546A00070538 /* SignInNode.swift */; };
		2E926E1E1E8E546A00070538 /* SignInPagerNode.swift in Sources */ = {isa = PBXBuildFile; fileRef = 2E926E1A1E8E546A00070538 /* SignInPagerNode.swift */; };
		2E926E1F1E8E546A00070538 /* PhoneNumberNode.swift in Sources */ = {isa = PBXBuildFile; fileRef = 2E926E1B1E8E546A00070538 /* PhoneNumberNode.swift */; };
		2E926E201E8E546A00070538 /* VerificationCodeNode.swift in Sources */ = {isa = PBXBuildFile; fileRef = 2E926E1C1E8E546A00070538 /* VerificationCodeNode.swift */; };
		2E926E251E8E54BC00070538 /* Default-568h@2x.png in Resources */ = {isa = PBXBuildFile; fileRef = 2E926E221E8E54BC00070538 /* Default-568h@2x.png */; };
		2E926E261E8E54BC00070538 /* Default-667h@2x.png in Resources */ = {isa = PBXBuildFile; fileRef = 2E926E231E8E54BC00070538 /* Default-667h@2x.png */; };
		2E926E271E8E54BC00070538 /* Default-736h@3x.png in Resources */ = {isa = PBXBuildFile; fileRef = 2E926E241E8E54BC00070538 /* Default-736h@3x.png */; };
		2E926E2A1E8E54CE00070538 /* Constants.swift in Sources */ = {isa = PBXBuildFile; fileRef = 2E926E281E8E54CE00070538 /* Constants.swift */; };
		2E926E2D1E8E54E800070538 /* MenuCellNode.swift in Sources */ = {isa = PBXBuildFile; fileRef = 2E926E2B1E8E54E800070538 /* MenuCellNode.swift */; };
		2E926E2E1E8E54E800070538 /* MenusNode.swift in Sources */ = {isa = PBXBuildFile; fileRef = 2E926E2C1E8E54E800070538 /* MenusNode.swift */; };
		2E926E341E8E54F200070538 /* User.swift in Sources */ = {isa = PBXBuildFile; fileRef = 2E926E2F1E8E54F200070538 /* User.swift */; };
		2E926E351E8E54F200070538 /* Locality.swift in Sources */ = {isa = PBXBuildFile; fileRef = 2E926E301E8E54F200070538 /* Locality.swift */; };
		2E926E361E8E54F200070538 /* Menu.swift in Sources */ = {isa = PBXBuildFile; fileRef = 2E926E311E8E54F200070538 /* Menu.swift */; };
		2E926E371E8E54F200070538 /* MenuCategory.swift in Sources */ = {isa = PBXBuildFile; fileRef = 2E926E321E8E54F200070538 /* MenuCategory.swift */; };
		2E926E381E8E54F200070538 /* Product.swift in Sources */ = {isa = PBXBuildFile; fileRef = 2E926E331E8E54F200070538 /* Product.swift */; };
		2E926E451E8E551600070538 /* CGPointExt.swift in Sources */ = {isa = PBXBuildFile; fileRef = 2E926E391E8E551600070538 /* CGPointExt.swift */; };
		2E926E461E8E551600070538 /* Debouncer.swift in Sources */ = {isa = PBXBuildFile; fileRef = 2E926E3A1E8E551600070538 /* Debouncer.swift */; };
		2E926E471E8E551600070538 /* UIColorExt.swift in Sources */ = {isa = PBXBuildFile; fileRef = 2E926E3B1E8E551600070538 /* UIColorExt.swift */; };
		2E926E481E8E551600070538 /* StringExt.swift in Sources */ = {isa = PBXBuildFile; fileRef = 2E926E3C1E8E551600070538 /* StringExt.swift */; };
		2E926E491E8E551600070538 /* UIViewControllerExt.swift in Sources */ = {isa = PBXBuildFile; fileRef = 2E926E3D1E8E551600070538 /* UIViewControllerExt.swift */; };
		2E926E4A1E8E551600070538 /* NSAttributedStringExt.swift in Sources */ = {isa = PBXBuildFile; fileRef = 2E926E3E1E8E551600070538 /* NSAttributedStringExt.swift */; };
		2E926E4B1E8E551600070538 /* CGSizeExt.swift in Sources */ = {isa = PBXBuildFile; fileRef = 2E926E3F1E8E551600070538 /* CGSizeExt.swift */; };
		2E926E4C1E8E551600070538 /* CGFloatExt.swift in Sources */ = {isa = PBXBuildFile; fileRef = 2E926E401E8E551600070538 /* CGFloatExt.swift */; };
		2E926E4D1E8E551600070538 /* PopExt.swift in Sources */ = {isa = PBXBuildFile; fileRef = 2E926E411E8E551600070538 /* PopExt.swift */; };
		2E926E4E1E8E551600070538 /* ASEditableTextNodeExt.swift in Sources */ = {isa = PBXBuildFile; fileRef = 2E926E421E8E551600070538 /* ASEditableTextNodeExt.swift */; };
		2E926E4F1E8E551600070538 /* Global.swift in Sources */ = {isa = PBXBuildFile; fileRef = 2E926E431E8E551600070538 /* Global.swift */; };
		2E926E501E8E551600070538 /* UIImageExt.swift in Sources */ = {isa = PBXBuildFile; fileRef = 2E926E441E8E551600070538 /* UIImageExt.swift */; };
		2E94CC671E7963E800C51D58 /* Assets.xcassets in Resources */ = {isa = PBXBuildFile; fileRef = 2E94CC661E7963E800C51D58 /* Assets.xcassets */; };
		2E9A77CC1E9503AF0042BBE9 /* ProductsMosaicLayout.swift in Sources */ = {isa = PBXBuildFile; fileRef = 2E9A77CB1E9503AF0042BBE9 /* ProductsMosaicLayout.swift */; };
		2E9A77D21E97AE560042BBE9 /* CartViewController.swift in Sources */ = {isa = PBXBuildFile; fileRef = 2E9A77D11E97AE550042BBE9 /* CartViewController.swift */; };
		2EA2CA9B1F35D8F600ACAD93 /* FoodServiceRest.swift in Sources */ = {isa = PBXBuildFile; fileRef = 2EA2CA9A1F35D8F600ACAD93 /* FoodServiceRest.swift */; };
		2EA2CA9E1F35D9DF00ACAD93 /* FoodServiceAuth.swift in Sources */ = {isa = PBXBuildFile; fileRef = 2EA2CA9D1F35D9DF00ACAD93 /* FoodServiceAuth.swift */; };
		2EA2CAA01F35DECA00ACAD93 /* FoodServiceImages.swift in Sources */ = {isa = PBXBuildFile; fileRef = 2EA2CA9F1F35DECA00ACAD93 /* FoodServiceImages.swift */; };
		2ECB50771ECC7A4500AF1204 /* OrderNavbarNode.swift in Sources */ = {isa = PBXBuildFile; fileRef = 2ECB50761ECC7A4500AF1204 /* OrderNavbarNode.swift */; };
		2ECB50791ECCA20F00AF1204 /* OrderWithDeliveryFormNode.swift in Sources */ = {isa = PBXBuildFile; fileRef = 2ECB50781ECCA20F00AF1204 /* OrderWithDeliveryFormNode.swift */; };
		2ECB507B1ECCE72400AF1204 /* AddressSectionNode.swift in Sources */ = {isa = PBXBuildFile; fileRef = 2ECB507A1ECCE72400AF1204 /* AddressSectionNode.swift */; };
		2ECB507D1ECCE8B400AF1204 /* PaymentSectionNode.swift in Sources */ = {isa = PBXBuildFile; fileRef = 2ECB507C1ECCE8B400AF1204 /* PaymentSectionNode.swift */; };
		2ECB507F1ECCE91500AF1204 /* OptionalSectionNode.swift in Sources */ = {isa = PBXBuildFile; fileRef = 2ECB507E1ECCE91500AF1204 /* OptionalSectionNode.swift */; };
		2ECB50821ECDAF7000AF1204 /* SummarySectionNode.swift in Sources */ = {isa = PBXBuildFile; fileRef = 2ECB50811ECDAF7000AF1204 /* SummarySectionNode.swift */; };
		2ED4C7001EB4978B00374132 /* YandexGeocoder.swift in Sources */ = {isa = PBXBuildFile; fileRef = 2ED4C6FF1EB4978B00374132 /* YandexGeocoder.swift */; };
		2ED4C7021EB4989B00374132 /* YandexGeocoderTest.swift in Sources */ = {isa = PBXBuildFile; fileRef = 2ED4C7011EB4989B00374132 /* YandexGeocoderTest.swift */; };
		2ED4C7041EB4B3F000374132 /* Address.swift in Sources */ = {isa = PBXBuildFile; fileRef = 2ED4C7031EB4B3F000374132 /* Address.swift */; };
		2ED4C7061EB60F4600374132 /* AddressMapCalloutNode.swift in Sources */ = {isa = PBXBuildFile; fileRef = 2ED4C7051EB60F4600374132 /* AddressMapCalloutNode.swift */; };
		2ED4C70A1EBBA51400374132 /* SuggestionCellNode.swift in Sources */ = {isa = PBXBuildFile; fileRef = 2ED4C7091EBBA51400374132 /* SuggestionCellNode.swift */; };
		2ED4C70C1EBC87AE00374132 /* UIViewExt.swift in Sources */ = {isa = PBXBuildFile; fileRef = 2ED4C70B1EBC87AE00374132 /* UIViewExt.swift */; };
		2ED4C70E1EBE2BC800374132 /* Dadata.swift in Sources */ = {isa = PBXBuildFile; fileRef = 2ED4C70D1EBE2BC800374132 /* Dadata.swift */; };
		2ED4C7141EC1CC8100374132 /* PlaygroundViewController.swift in Sources */ = {isa = PBXBuildFile; fileRef = 2ED4C7131EC1CC8100374132 /* PlaygroundViewController.swift */; };
		2ED4C7161EC1EBB200374132 /* FormFieldNode.swift in Sources */ = {isa = PBXBuildFile; fileRef = 2ED4C7151EC1EBB200374132 /* FormFieldNode.swift */; };
		2ED4C7181EC2301E00374132 /* SuggestionsWidget.swift in Sources */ = {isa = PBXBuildFile; fileRef = 2ED4C7171EC2301E00374132 /* SuggestionsWidget.swift */; };
		2EF2D7471F052A3D001B241A /* CashCalculator.swift in Sources */ = {isa = PBXBuildFile; fileRef = 2EF2D7461F052A3D001B241A /* CashCalculator.swift */; };
		2EF9421A1EEB41C000CEE0B7 /* CashOptionCellNode.swift in Sources */ = {isa = PBXBuildFile; fileRef = 2EF942191EEB41C000CEE0B7 /* CashOptionCellNode.swift */; };
		2EF9421C1EEBE75C00CEE0B7 /* CashCalculatorTest.swift in Sources */ = {isa = PBXBuildFile; fileRef = 2EF9421B1EEBE75C00CEE0B7 /* CashCalculatorTest.swift */; };
		95D281D1D25122E284D8AC09 /* Pods_sushnaya_ios.framework in Frameworks */ = {isa = PBXBuildFile; fileRef = 489991CA68AC90F346EF30BE /* Pods_sushnaya_ios.framework */; };
/* End PBXBuildFile section */

/* Begin PBXContainerItemProxy section */
		2E2FF1391EA693BA006B9321 /* PBXContainerItemProxy */ = {
			isa = PBXContainerItemProxy;
			containerPortal = 2E94CC541E7963E700C51D58 /* Project object */;
			proxyType = 1;
			remoteGlobalIDString = 2E94CC5B1E7963E800C51D58;
			remoteInfo = "sushnaya-ios";
		};
/* End PBXContainerItemProxy section */

/* Begin PBXFileReference section */
		18CA98D1845D2B1E27697A15 /* Pods-sushnaya-ios-tests.debug.xcconfig */ = {isa = PBXFileReference; includeInIndex = 1; lastKnownFileType = text.xcconfig; name = "Pods-sushnaya-ios-tests.debug.xcconfig"; path = "Pods/Target Support Files/Pods-sushnaya-ios-tests/Pods-sushnaya-ios-tests.debug.xcconfig"; sourceTree = "<group>"; };
		19BB417754B76F063EB98214 /* SlideUpPresentingTransitioning.swift */ = {isa = PBXFileReference; fileEncoding = 4; lastKnownFileType = sourcecode.swift; path = SlideUpPresentingTransitioning.swift; sourceTree = "<group>"; };
		19BB41A56D3087B06848404B /* SlideDownDismissingTransitioning.swift */ = {isa = PBXFileReference; fileEncoding = 4; lastKnownFileType = sourcecode.swift; path = SlideDownDismissingTransitioning.swift; sourceTree = "<group>"; };
		19BB450AEB4CA2BA6CF573BC /* Price.swift */ = {isa = PBXFileReference; fileEncoding = 4; lastKnownFileType = sourcecode.swift; path = Price.swift; sourceTree = "<group>"; };
		19BB4846331046CBA337814C /* PushDownDismissingTransitioning.swift */ = {isa = PBXFileReference; fileEncoding = 4; lastKnownFileType = sourcecode.swift; path = PushDownDismissingTransitioning.swift; sourceTree = "<group>"; };
		19BB48AFDFEC94CCC6894936 /* ProductCellNode.swift */ = {isa = PBXFileReference; fileEncoding = 4; lastKnownFileType = sourcecode.swift; path = ProductCellNode.swift; sourceTree = "<group>"; };
		19BB497AD72C08E8A62D5A18 /* PushUpPresentingTransitioning.swift */ = {isa = PBXFileReference; fileEncoding = 4; lastKnownFileType = sourcecode.swift; path = PushUpPresentingTransitioning.swift; sourceTree = "<group>"; };
		19BB4BC0CF6F2C3200B99AEE /* MainViewController.swift */ = {isa = PBXFileReference; fileEncoding = 4; lastKnownFileType = sourcecode.swift; path = MainViewController.swift; sourceTree = "<group>"; };
		19BB4E425A2EEEA1D5597843 /* AddressViewController.swift */ = {isa = PBXFileReference; fileEncoding = 4; lastKnownFileType = sourcecode.swift; path = AddressViewController.swift; sourceTree = "<group>"; };
		19BB4E7419EC6262ACB49B2B /* OneColumnLayout.swift */ = {isa = PBXFileReference; fileEncoding = 4; lastKnownFileType = sourcecode.swift; path = OneColumnLayout.swift; sourceTree = "<group>"; };
		19BB4EDE411E92ABDA1E1EDC /* UserSettings.swift */ = {isa = PBXFileReference; fileEncoding = 4; lastKnownFileType = sourcecode.swift; path = UserSettings.swift; sourceTree = "<group>"; };
		205D12542FA776D8BA85ED3F /* Pods-sushnaya-ios.debug.xcconfig */ = {isa = PBXFileReference; includeInIndex = 1; lastKnownFileType = text.xcconfig; name = "Pods-sushnaya-ios.debug.xcconfig"; path = "Pods/Target Support Files/Pods-sushnaya-ios/Pods-sushnaya-ios.debug.xcconfig"; sourceTree = "<group>"; };
		2E218B501F4B4B8000B5213C /* AddressContentNode.swift */ = {isa = PBXFileReference; fileEncoding = 4; lastKnownFileType = sourcecode.swift; path = AddressContentNode.swift; sourceTree = "<group>"; };
		2E218B521F4ED55600B5213C /* OrderViewController.swift */ = {isa = PBXFileReference; fileEncoding = 4; lastKnownFileType = sourcecode.swift; path = OrderViewController.swift; sourceTree = "<group>"; };
		2E2FF1131E9F8E03006B9321 /* CartNode.swift */ = {isa = PBXFileReference; fileEncoding = 4; lastKnownFileType = sourcecode.swift; path = CartNode.swift; sourceTree = "<group>"; };
		2E2FF1151E9FD0C1006B9321 /* CartContentNode.swift */ = {isa = PBXFileReference; fileEncoding = 4; lastKnownFileType = sourcecode.swift; path = CartContentNode.swift; sourceTree = "<group>"; };
		2E2FF11D1EA122F0006B9321 /* CartItemCellNode.swift */ = {isa = PBXFileReference; fileEncoding = 4; lastKnownFileType = sourcecode.swift; path = CartItemCellNode.swift; sourceTree = "<group>"; };
		2E2FF11F1EA22F60006B9321 /* Label.swift */ = {isa = PBXFileReference; fileEncoding = 4; lastKnownFileType = sourcecode.swift; path = Label.swift; sourceTree = "<group>"; };
		2E2FF1211EA391AD006B9321 /* CartToolbarNode.swift */ = {isa = PBXFileReference; fileEncoding = 4; lastKnownFileType = sourcecode.swift; path = CartToolbarNode.swift; sourceTree = "<group>"; };
		2E2FF1251EA65845006B9321 /* DataStructure.swift */ = {isa = PBXFileReference; fileEncoding = 4; lastKnownFileType = sourcecode.swift; path = DataStructure.swift; sourceTree = "<group>"; };
		2E2FF1271EA65963006B9321 /* AddToCartEvent.swift */ = {isa = PBXFileReference; fileEncoding = 4; lastKnownFileType = sourcecode.swift; path = AddToCartEvent.swift; sourceTree = "<group>"; };
		2E2FF1291EA659FC006B9321 /* RemoveFromCartEvent.swift */ = {isa = PBXFileReference; fileEncoding = 4; lastKnownFileType = sourcecode.swift; path = RemoveFromCartEvent.swift; sourceTree = "<group>"; };
		2E2FF1341EA693BA006B9321 /* sushnaya-ios-tests.xctest */ = {isa = PBXFileReference; explicitFileType = wrapper.cfbundle; includeInIndex = 0; path = "sushnaya-ios-tests.xctest"; sourceTree = BUILT_PRODUCTS_DIR; };
		2E2FF1361EA693BA006B9321 /* CartTest.swift */ = {isa = PBXFileReference; lastKnownFileType = sourcecode.swift; path = CartTest.swift; sourceTree = "<group>"; };
		2E2FF1381EA693BA006B9321 /* Info.plist */ = {isa = PBXFileReference; lastKnownFileType = text.plist.xml; path = Info.plist; sourceTree = "<group>"; };
		2E3013371EEAF7F800CAD153 /* CashOptionsSectionNode.swift */ = {isa = PBXFileReference; fileEncoding = 4; lastKnownFileType = sourcecode.swift; path = CashOptionsSectionNode.swift; sourceTree = "<group>"; };
		2E479F091F33920000396965 /* FoodServiceDto.pb.swift */ = {isa = PBXFileReference; fileEncoding = 4; lastKnownFileType = sourcecode.swift; path = FoodServiceDto.pb.swift; sourceTree = "<group>"; };
		2E479F0F1F34FC2600396965 /* HorizontalLinearFlowLayout.swift */ = {isa = PBXFileReference; fileEncoding = 4; lastKnownFileType = sourcecode.swift; path = HorizontalLinearFlowLayout.swift; sourceTree = "<group>"; };
		2E48F2781E98EB5000DCBBC6 /* Cart.swift */ = {isa = PBXFileReference; fileEncoding = 4; lastKnownFileType = sourcecode.swift; path = Cart.swift; sourceTree = "<group>"; };
		2E48F27A1E99475000DCBBC6 /* CartButton.swift */ = {isa = PBXFileReference; fileEncoding = 4; lastKnownFileType = sourcecode.swift; path = CartButton.swift; sourceTree = "<group>"; };
		2E48F27C1E99660E00DCBBC6 /* Geometry.swift */ = {isa = PBXFileReference; fileEncoding = 4; lastKnownFileType = sourcecode.swift; path = Geometry.swift; sourceTree = "<group>"; };
		2E48F27E1E9AB27900DCBBC6 /* PriceNode.swift */ = {isa = PBXFileReference; fileEncoding = 4; lastKnownFileType = sourcecode.swift; path = PriceNode.swift; sourceTree = "<group>"; };
		2E63727C1E803945009EE5B8 /* TermsOfUse.html */ = {isa = PBXFileReference; fileEncoding = 4; lastKnownFileType = text.html; path = TermsOfUse.html; sourceTree = "<group>"; };
		2E64933D1E9D0D1000375F33 /* DidAddToCartEvent.swift */ = {isa = PBXFileReference; fileEncoding = 4; lastKnownFileType = sourcecode.swift; path = DidAddToCartEvent.swift; sourceTree = "<group>"; };
		2E64933F1E9D129B00375F33 /* DidRemoveFromCartEvent.swift */ = {isa = PBXFileReference; fileEncoding = 4; lastKnownFileType = sourcecode.swift; path = DidRemoveFromCartEvent.swift; sourceTree = "<group>"; };
		2E6AF3031EB3A32C00254D3B /* AddressMapNode.swift */ = {isa = PBXFileReference; fileEncoding = 4; lastKnownFileType = sourcecode.swift; path = AddressMapNode.swift; sourceTree = "<group>"; };
		2E6AF3051EB3A34000254D3B /* AddressFormNode.swift */ = {isa = PBXFileReference; fileEncoding = 4; lastKnownFileType = sourcecode.swift; path = AddressFormNode.swift; sourceTree = "<group>"; };
		2E6AF3071EB3AB5800254D3B /* AddressNavbarNode.swift */ = {isa = PBXFileReference; fileEncoding = 4; lastKnownFileType = sourcecode.swift; path = AddressNavbarNode.swift; sourceTree = "<group>"; };
		2E7AE6FC1EC9AEAB00748C33 /* CheckoutViewController.swift */ = {isa = PBXFileReference; fileEncoding = 4; lastKnownFileType = sourcecode.swift; path = CheckoutViewController.swift; sourceTree = "<group>"; };
		2E7AED2F1F07AEA700E01884 /* AddressCellNode.swift */ = {isa = PBXFileReference; fileEncoding = 4; lastKnownFileType = sourcecode.swift; path = AddressCellNode.swift; sourceTree = "<group>"; };
		2E7AED311F07B45D00E01884 /* AddAddressCellNode.swift */ = {isa = PBXFileReference; fileEncoding = 4; lastKnownFileType = sourcecode.swift; path = AddAddressCellNode.swift; sourceTree = "<group>"; };
		2E7BCA671E7B087500B6FEE6 /* intro_video.mp4 */ = {isa = PBXFileReference; lastKnownFileType = file; path = intro_video.mp4; sourceTree = "<group>"; };
		2E80ACE91E8FAC9B00D0DBCF /* DefaultCellNode.swift */ = {isa = PBXFileReference; fileEncoding = 4; lastKnownFileType = sourcecode.swift; path = DefaultCellNode.swift; sourceTree = "<group>"; };
		2E9147001EB32DFC00E0D312 /* SegmentedControlNode.swift */ = {isa = PBXFileReference; fileEncoding = 4; lastKnownFileType = sourcecode.swift; path = SegmentedControlNode.swift; sourceTree = "<group>"; };
		2E9147021EB3388400E0D312 /* ASControlNodeExt.swift */ = {isa = PBXFileReference; fileEncoding = 4; lastKnownFileType = sourcecode.swift; path = ASControlNodeExt.swift; sourceTree = "<group>"; };
		2E926DDE1E8E53D100070538 /* App.swift */ = {isa = PBXFileReference; fileEncoding = 4; lastKnownFileType = sourcecode.swift; path = App.swift; sourceTree = "<group>"; };
		2E926DDF1E8E53D100070538 /* UserSession.swift */ = {isa = PBXFileReference; fileEncoding = 4; lastKnownFileType = sourcecode.swift; path = UserSession.swift; sourceTree = "<group>"; };
		2E926DE11E8E53D100070538 /* FoodServiceWebsocket.swift */ = {isa = PBXFileReference; fileEncoding = 4; lastKnownFileType = sourcecode.swift; path = FoodServiceWebsocket.swift; sourceTree = "<group>"; };
		2E926DE61E8E53E100070538 /* DidAuthenticateEvent.swift */ = {isa = PBXFileReference; fileEncoding = 4; lastKnownFileType = sourcecode.swift; path = DidAuthenticateEvent.swift; sourceTree = "<group>"; };
		2E926DE71E8E53E100070538 /* Event.swift */ = {isa = PBXFileReference; fileEncoding = 4; lastKnownFileType = sourcecode.swift; path = Event.swift; sourceTree = "<group>"; };
		2E926DE81E8E53E100070538 /* TermsOfUseUpdatedEvent.swift */ = {isa = PBXFileReference; fileEncoding = 4; lastKnownFileType = sourcecode.swift; path = TermsOfUseUpdatedEvent.swift; sourceTree = "<group>"; };
		2E926DE91E8E53E100070538 /* OpeningConnectionAPIChatEvent.swift */ = {isa = PBXFileReference; fileEncoding = 4; lastKnownFileType = sourcecode.swift; path = OpeningConnectionAPIChatEvent.swift; sourceTree = "<group>"; };
		2E926DEA1E8E53E100070538 /* APIChatErrorEvent.swift */ = {isa = PBXFileReference; fileEncoding = 4; lastKnownFileType = sourcecode.swift; path = APIChatErrorEvent.swift; sourceTree = "<group>"; };
		2E926DEB1E8E53E100070538 /* ConnectionDidOpenAPIChatEvent.swift */ = {isa = PBXFileReference; fileEncoding = 4; lastKnownFileType = sourcecode.swift; path = ConnectionDidOpenAPIChatEvent.swift; sourceTree = "<group>"; };
		2E926DEC1E8E53E100070538 /* ConnectionDidCloseAPIChatEvent.swift */ = {isa = PBXFileReference; fileEncoding = 4; lastKnownFileType = sourcecode.swift; path = ConnectionDidCloseAPIChatEvent.swift; sourceTree = "<group>"; };
		2E926DED1E8E53E100070538 /* SelectMenuEvent.swift */ = {isa = PBXFileReference; fileEncoding = 4; lastKnownFileType = sourcecode.swift; path = SelectMenuEvent.swift; sourceTree = "<group>"; };
		2E926DEE1E8E53E100070538 /* GetMenuEvent.swift */ = {isa = PBXFileReference; fileEncoding = 4; lastKnownFileType = sourcecode.swift; path = GetMenuEvent.swift; sourceTree = "<group>"; };
		2E926DEF1E8E53E100070538 /* DidSelectMenuEvent.swift */ = {isa = PBXFileReference; fileEncoding = 4; lastKnownFileType = sourcecode.swift; path = DidSelectMenuEvent.swift; sourceTree = "<group>"; };
		2E926DFA1E8E53F700070538 /* SignInViewController.swift */ = {isa = PBXFileReference; fileEncoding = 4; lastKnownFileType = sourcecode.swift; path = SignInViewController.swift; sourceTree = "<group>"; };
		2E926DFB1E8E53F700070538 /* PhoneNumberViewController.swift */ = {isa = PBXFileReference; fileEncoding = 4; lastKnownFileType = sourcecode.swift; path = PhoneNumberViewController.swift; sourceTree = "<group>"; };
		2E926DFC1E8E53F700070538 /* VerificationCodeViewController.swift */ = {isa = PBXFileReference; fileEncoding = 4; lastKnownFileType = sourcecode.swift; path = VerificationCodeViewController.swift; sourceTree = "<group>"; };
		2E926DFD1E8E53F700070538 /* TermsOfUseViewController.swift */ = {isa = PBXFileReference; fileEncoding = 4; lastKnownFileType = sourcecode.swift; path = TermsOfUseViewController.swift; sourceTree = "<group>"; };
		2E926E021E8E540000070538 /* HomeViewController.swift */ = {isa = PBXFileReference; fileEncoding = 4; lastKnownFileType = sourcecode.swift; path = HomeViewController.swift; sourceTree = "<group>"; };
		2E926E031E8E540000070538 /* SettingsViewController.swift */ = {isa = PBXFileReference; fileEncoding = 4; lastKnownFileType = sourcecode.swift; path = SettingsViewController.swift; sourceTree = "<group>"; };
		2E926E041E8E540000070538 /* MenusViewController.swift */ = {isa = PBXFileReference; fileEncoding = 4; lastKnownFileType = sourcecode.swift; path = MenusViewController.swift; sourceTree = "<group>"; };
		2E926E061E8E540000070538 /* FiltersViewController.swift */ = {isa = PBXFileReference; fileEncoding = 4; lastKnownFileType = sourcecode.swift; path = FiltersViewController.swift; sourceTree = "<group>"; };
		2E926E0C1E8E540900070538 /* PaperFold.swift */ = {isa = PBXFileReference; fileEncoding = 4; lastKnownFileType = sourcecode.swift; path = PaperFold.swift; sourceTree = "<group>"; };
		2E926E101E8E544300070538 /* PaperButton.swift */ = {isa = PBXFileReference; fileEncoding = 4; lastKnownFileType = sourcecode.swift; path = PaperButton.swift; sourceTree = "<group>"; };
		2E926E111E8E544300070538 /* PaperElevation.swift */ = {isa = PBXFileReference; fileEncoding = 4; lastKnownFileType = sourcecode.swift; path = PaperElevation.swift; sourceTree = "<group>"; };
		2E926E121E8E544300070538 /* PaperColor.swift */ = {isa = PBXFileReference; fileEncoding = 4; lastKnownFileType = sourcecode.swift; path = PaperColor.swift; sourceTree = "<group>"; };
		2E926E171E8E546000070538 /* ButtonNode.swift */ = {isa = PBXFileReference; fileEncoding = 4; lastKnownFileType = sourcecode.swift; path = ButtonNode.swift; sourceTree = "<group>"; };
		2E926E191E8E546A00070538 /* SignInNode.swift */ = {isa = PBXFileReference; fileEncoding = 4; lastKnownFileType = sourcecode.swift; path = SignInNode.swift; sourceTree = "<group>"; };
		2E926E1A1E8E546A00070538 /* SignInPagerNode.swift */ = {isa = PBXFileReference; fileEncoding = 4; lastKnownFileType = sourcecode.swift; path = SignInPagerNode.swift; sourceTree = "<group>"; };
		2E926E1B1E8E546A00070538 /* PhoneNumberNode.swift */ = {isa = PBXFileReference; fileEncoding = 4; lastKnownFileType = sourcecode.swift; path = PhoneNumberNode.swift; sourceTree = "<group>"; };
		2E926E1C1E8E546A00070538 /* VerificationCodeNode.swift */ = {isa = PBXFileReference; fileEncoding = 4; lastKnownFileType = sourcecode.swift; path = VerificationCodeNode.swift; sourceTree = "<group>"; };
		2E926E221E8E54BC00070538 /* Default-568h@2x.png */ = {isa = PBXFileReference; lastKnownFileType = image.png; path = "Default-568h@2x.png"; sourceTree = "<group>"; };
		2E926E231E8E54BC00070538 /* Default-667h@2x.png */ = {isa = PBXFileReference; lastKnownFileType = image.png; path = "Default-667h@2x.png"; sourceTree = "<group>"; };
		2E926E241E8E54BC00070538 /* Default-736h@3x.png */ = {isa = PBXFileReference; lastKnownFileType = image.png; path = "Default-736h@3x.png"; sourceTree = "<group>"; };
		2E926E281E8E54CE00070538 /* Constants.swift */ = {isa = PBXFileReference; fileEncoding = 4; lastKnownFileType = sourcecode.swift; path = Constants.swift; sourceTree = "<group>"; };
		2E926E291E8E54CE00070538 /* bridge-header.h */ = {isa = PBXFileReference; fileEncoding = 4; lastKnownFileType = sourcecode.c.h; path = "bridge-header.h"; sourceTree = "<group>"; };
		2E926E2B1E8E54E800070538 /* MenuCellNode.swift */ = {isa = PBXFileReference; fileEncoding = 4; lastKnownFileType = sourcecode.swift; path = MenuCellNode.swift; sourceTree = "<group>"; };
		2E926E2C1E8E54E800070538 /* MenusNode.swift */ = {isa = PBXFileReference; fileEncoding = 4; lastKnownFileType = sourcecode.swift; path = MenusNode.swift; sourceTree = "<group>"; };
		2E926E2F1E8E54F200070538 /* User.swift */ = {isa = PBXFileReference; fileEncoding = 4; lastKnownFileType = sourcecode.swift; path = User.swift; sourceTree = "<group>"; };
		2E926E301E8E54F200070538 /* Locality.swift */ = {isa = PBXFileReference; fileEncoding = 4; lastKnownFileType = sourcecode.swift; path = Locality.swift; sourceTree = "<group>"; };
		2E926E311E8E54F200070538 /* Menu.swift */ = {isa = PBXFileReference; fileEncoding = 4; lastKnownFileType = sourcecode.swift; path = Menu.swift; sourceTree = "<group>"; };
		2E926E321E8E54F200070538 /* MenuCategory.swift */ = {isa = PBXFileReference; fileEncoding = 4; lastKnownFileType = sourcecode.swift; path = MenuCategory.swift; sourceTree = "<group>"; };
		2E926E331E8E54F200070538 /* Product.swift */ = {isa = PBXFileReference; fileEncoding = 4; lastKnownFileType = sourcecode.swift; path = Product.swift; sourceTree = "<group>"; };
		2E926E391E8E551600070538 /* CGPointExt.swift */ = {isa = PBXFileReference; fileEncoding = 4; lastKnownFileType = sourcecode.swift; path = CGPointExt.swift; sourceTree = "<group>"; };
		2E926E3A1E8E551600070538 /* Debouncer.swift */ = {isa = PBXFileReference; fileEncoding = 4; lastKnownFileType = sourcecode.swift; path = Debouncer.swift; sourceTree = "<group>"; };
		2E926E3B1E8E551600070538 /* UIColorExt.swift */ = {isa = PBXFileReference; fileEncoding = 4; lastKnownFileType = sourcecode.swift; path = UIColorExt.swift; sourceTree = "<group>"; };
		2E926E3C1E8E551600070538 /* StringExt.swift */ = {isa = PBXFileReference; fileEncoding = 4; lastKnownFileType = sourcecode.swift; path = StringExt.swift; sourceTree = "<group>"; };
		2E926E3D1E8E551600070538 /* UIViewControllerExt.swift */ = {isa = PBXFileReference; fileEncoding = 4; lastKnownFileType = sourcecode.swift; path = UIViewControllerExt.swift; sourceTree = "<group>"; };
		2E926E3E1E8E551600070538 /* NSAttributedStringExt.swift */ = {isa = PBXFileReference; fileEncoding = 4; lastKnownFileType = sourcecode.swift; path = NSAttributedStringExt.swift; sourceTree = "<group>"; };
		2E926E3F1E8E551600070538 /* CGSizeExt.swift */ = {isa = PBXFileReference; fileEncoding = 4; lastKnownFileType = sourcecode.swift; path = CGSizeExt.swift; sourceTree = "<group>"; };
		2E926E401E8E551600070538 /* CGFloatExt.swift */ = {isa = PBXFileReference; fileEncoding = 4; lastKnownFileType = sourcecode.swift; path = CGFloatExt.swift; sourceTree = "<group>"; };
		2E926E411E8E551600070538 /* PopExt.swift */ = {isa = PBXFileReference; fileEncoding = 4; lastKnownFileType = sourcecode.swift; path = PopExt.swift; sourceTree = "<group>"; };
		2E926E421E8E551600070538 /* ASEditableTextNodeExt.swift */ = {isa = PBXFileReference; fileEncoding = 4; lastKnownFileType = sourcecode.swift; path = ASEditableTextNodeExt.swift; sourceTree = "<group>"; };
		2E926E431E8E551600070538 /* Global.swift */ = {isa = PBXFileReference; fileEncoding = 4; lastKnownFileType = sourcecode.swift; path = Global.swift; sourceTree = "<group>"; };
		2E926E441E8E551600070538 /* UIImageExt.swift */ = {isa = PBXFileReference; fileEncoding = 4; lastKnownFileType = sourcecode.swift; path = UIImageExt.swift; sourceTree = "<group>"; };
		2E94CC5C1E7963E800C51D58 /* sushnaya-ios.app */ = {isa = PBXFileReference; explicitFileType = wrapper.application; includeInIndex = 0; path = "sushnaya-ios.app"; sourceTree = BUILT_PRODUCTS_DIR; };
		2E94CC661E7963E800C51D58 /* Assets.xcassets */ = {isa = PBXFileReference; lastKnownFileType = folder.assetcatalog; path = Assets.xcassets; sourceTree = "<group>"; };
		2E94CC6B1E7963E800C51D58 /* Info.plist */ = {isa = PBXFileReference; lastKnownFileType = text.plist.xml; path = Info.plist; sourceTree = "<group>"; };
		2E94CC741E79D0E100C51D58 /* sushnaya-ios.playground */ = {isa = PBXFileReference; lastKnownFileType = file.playground; path = "sushnaya-ios.playground"; sourceTree = "<group>"; };
		2E9A77CB1E9503AF0042BBE9 /* ProductsMosaicLayout.swift */ = {isa = PBXFileReference; fileEncoding = 4; lastKnownFileType = sourcecode.swift; path = ProductsMosaicLayout.swift; sourceTree = "<group>"; };
		2E9A77D11E97AE550042BBE9 /* CartViewController.swift */ = {isa = PBXFileReference; fileEncoding = 4; lastKnownFileType = sourcecode.swift; path = CartViewController.swift; sourceTree = "<group>"; };
		2EA2CA9A1F35D8F600ACAD93 /* FoodServiceRest.swift */ = {isa = PBXFileReference; fileEncoding = 4; lastKnownFileType = sourcecode.swift; path = FoodServiceRest.swift; sourceTree = "<group>"; };
		2EA2CA9D1F35D9DF00ACAD93 /* FoodServiceAuth.swift */ = {isa = PBXFileReference; fileEncoding = 4; lastKnownFileType = sourcecode.swift; path = FoodServiceAuth.swift; sourceTree = "<group>"; };
		2EA2CA9F1F35DECA00ACAD93 /* FoodServiceImages.swift */ = {isa = PBXFileReference; fileEncoding = 4; lastKnownFileType = sourcecode.swift; path = FoodServiceImages.swift; sourceTree = "<group>"; };
		2ECB50761ECC7A4500AF1204 /* OrderNavbarNode.swift */ = {isa = PBXFileReference; fileEncoding = 4; lastKnownFileType = sourcecode.swift; path = OrderNavbarNode.swift; sourceTree = "<group>"; };
		2ECB50781ECCA20F00AF1204 /* OrderWithDeliveryFormNode.swift */ = {isa = PBXFileReference; fileEncoding = 4; lastKnownFileType = sourcecode.swift; path = OrderWithDeliveryFormNode.swift; sourceTree = "<group>"; };
		2ECB507A1ECCE72400AF1204 /* AddressSectionNode.swift */ = {isa = PBXFileReference; fileEncoding = 4; lastKnownFileType = sourcecode.swift; path = AddressSectionNode.swift; sourceTree = "<group>"; };
		2ECB507C1ECCE8B400AF1204 /* PaymentSectionNode.swift */ = {isa = PBXFileReference; fileEncoding = 4; lastKnownFileType = sourcecode.swift; path = PaymentSectionNode.swift; sourceTree = "<group>"; };
		2ECB507E1ECCE91500AF1204 /* OptionalSectionNode.swift */ = {isa = PBXFileReference; fileEncoding = 4; lastKnownFileType = sourcecode.swift; path = OptionalSectionNode.swift; sourceTree = "<group>"; };
		2ECB50811ECDAF7000AF1204 /* SummarySectionNode.swift */ = {isa = PBXFileReference; fileEncoding = 4; lastKnownFileType = sourcecode.swift; path = SummarySectionNode.swift; sourceTree = "<group>"; };
		2ED4C6FF1EB4978B00374132 /* YandexGeocoder.swift */ = {isa = PBXFileReference; fileEncoding = 4; lastKnownFileType = sourcecode.swift; path = YandexGeocoder.swift; sourceTree = "<group>"; };
		2ED4C7011EB4989B00374132 /* YandexGeocoderTest.swift */ = {isa = PBXFileReference; fileEncoding = 4; lastKnownFileType = sourcecode.swift; path = YandexGeocoderTest.swift; sourceTree = "<group>"; };
		2ED4C7031EB4B3F000374132 /* Address.swift */ = {isa = PBXFileReference; fileEncoding = 4; lastKnownFileType = sourcecode.swift; path = Address.swift; sourceTree = "<group>"; };
		2ED4C7051EB60F4600374132 /* AddressMapCalloutNode.swift */ = {isa = PBXFileReference; fileEncoding = 4; lastKnownFileType = sourcecode.swift; path = AddressMapCalloutNode.swift; sourceTree = "<group>"; };
		2ED4C7091EBBA51400374132 /* SuggestionCellNode.swift */ = {isa = PBXFileReference; fileEncoding = 4; lastKnownFileType = sourcecode.swift; path = SuggestionCellNode.swift; sourceTree = "<group>"; };
		2ED4C70B1EBC87AE00374132 /* UIViewExt.swift */ = {isa = PBXFileReference; fileEncoding = 4; lastKnownFileType = sourcecode.swift; path = UIViewExt.swift; sourceTree = "<group>"; };
		2ED4C70D1EBE2BC800374132 /* Dadata.swift */ = {isa = PBXFileReference; fileEncoding = 4; lastKnownFileType = sourcecode.swift; path = Dadata.swift; sourceTree = "<group>"; };
		2ED4C7131EC1CC8100374132 /* PlaygroundViewController.swift */ = {isa = PBXFileReference; fileEncoding = 4; lastKnownFileType = sourcecode.swift; path = PlaygroundViewController.swift; sourceTree = "<group>"; };
		2ED4C7151EC1EBB200374132 /* FormFieldNode.swift */ = {isa = PBXFileReference; fileEncoding = 4; lastKnownFileType = sourcecode.swift; path = FormFieldNode.swift; sourceTree = "<group>"; };
		2ED4C7171EC2301E00374132 /* SuggestionsWidget.swift */ = {isa = PBXFileReference; fileEncoding = 4; lastKnownFileType = sourcecode.swift; path = SuggestionsWidget.swift; sourceTree = "<group>"; };
		2EF2D7461F052A3D001B241A /* CashCalculator.swift */ = {isa = PBXFileReference; fileEncoding = 4; lastKnownFileType = sourcecode.swift; path = CashCalculator.swift; sourceTree = "<group>"; };
		2EF942191EEB41C000CEE0B7 /* CashOptionCellNode.swift */ = {isa = PBXFileReference; fileEncoding = 4; lastKnownFileType = sourcecode.swift; path = CashOptionCellNode.swift; sourceTree = "<group>"; };
		2EF9421B1EEBE75C00CEE0B7 /* CashCalculatorTest.swift */ = {isa = PBXFileReference; fileEncoding = 4; lastKnownFileType = sourcecode.swift; path = CashCalculatorTest.swift; sourceTree = "<group>"; };
		489991CA68AC90F346EF30BE /* Pods_sushnaya_ios.framework */ = {isa = PBXFileReference; explicitFileType = wrapper.framework; includeInIndex = 0; path = Pods_sushnaya_ios.framework; sourceTree = BUILT_PRODUCTS_DIR; };
		C2977A71B31E523EF33A32BB /* Pods-sushnaya-ios-tests.release.xcconfig */ = {isa = PBXFileReference; includeInIndex = 1; lastKnownFileType = text.xcconfig; name = "Pods-sushnaya-ios-tests.release.xcconfig"; path = "Pods/Target Support Files/Pods-sushnaya-ios-tests/Pods-sushnaya-ios-tests.release.xcconfig"; sourceTree = "<group>"; };
		C7364172E21650F8281B034E /* Pods_sushnaya_ios_tests.framework */ = {isa = PBXFileReference; explicitFileType = wrapper.framework; includeInIndex = 0; path = Pods_sushnaya_ios_tests.framework; sourceTree = BUILT_PRODUCTS_DIR; };
		D65B6BE6D9773B62E60783D8 /* Pods-sushnaya-ios.release.xcconfig */ = {isa = PBXFileReference; includeInIndex = 1; lastKnownFileType = text.xcconfig; name = "Pods-sushnaya-ios.release.xcconfig"; path = "Pods/Target Support Files/Pods-sushnaya-ios/Pods-sushnaya-ios.release.xcconfig"; sourceTree = "<group>"; };
/* End PBXFileReference section */

/* Begin PBXFrameworksBuildPhase section */
		2E2FF1311EA693BA006B9321 /* Frameworks */ = {
			isa = PBXFrameworksBuildPhase;
			buildActionMask = 2147483647;
			files = (
				1D6565BCCCEE9612FD7CFA21 /* Pods_sushnaya_ios_tests.framework in Frameworks */,
			);
			runOnlyForDeploymentPostprocessing = 0;
		};
		2E94CC591E7963E800C51D58 /* Frameworks */ = {
			isa = PBXFrameworksBuildPhase;
			buildActionMask = 2147483647;
			files = (
				95D281D1D25122E284D8AC09 /* Pods_sushnaya_ios.framework in Frameworks */,
			);
			runOnlyForDeploymentPostprocessing = 0;
		};
/* End PBXFrameworksBuildPhase section */

/* Begin PBXGroup section */
		19BB419A2D69FA26887D6433 /* Address */ = {
			isa = PBXGroup;
			children = (
				19BB4E425A2EEEA1D5597843 /* AddressViewController.swift */,
			);
			name = Address;
			sourceTree = "<group>";
		};
		19BB4BA1ADA14072EE394DEB /* Transitioning */ = {
			isa = PBXGroup;
			children = (
				19BB497AD72C08E8A62D5A18 /* PushUpPresentingTransitioning.swift */,
				19BB4846331046CBA337814C /* PushDownDismissingTransitioning.swift */,
				19BB41A56D3087B06848404B /* SlideDownDismissingTransitioning.swift */,
				19BB417754B76F063EB98214 /* SlideUpPresentingTransitioning.swift */,
			);
			name = Transitioning;
			sourceTree = "<group>";
		};
		2E0E05D01F49B718005CFF6B /* Checkout */ = {
			isa = PBXGroup;
			children = (
			);
			name = Checkout;
			sourceTree = "<group>";
		};
		2E21E5161E823F9C00DF614C /* Model */ = {
			isa = PBXGroup;
			children = (
				2E479F091F33920000396965 /* FoodServiceDto.pb.swift */,
				2E926E2F1E8E54F200070538 /* User.swift */,
				2E926E301E8E54F200070538 /* Locality.swift */,
				2E926E311E8E54F200070538 /* Menu.swift */,
				2E926E321E8E54F200070538 /* MenuCategory.swift */,
				2E926E331E8E54F200070538 /* Product.swift */,
				2E48F2781E98EB5000DCBBC6 /* Cart.swift */,
				19BB450AEB4CA2BA6CF573BC /* Price.swift */,
				2ED4C7031EB4B3F000374132 /* Address.swift */,
			);
			name = Model;
			sourceTree = "<group>";
		};
		2E21E5171E823FA800DF614C /* Controller */ = {
			isa = PBXGroup;
			children = (
				2E9146FB1EB1F65C00E0D312 /* Common */,
				2E21E51A1E8249A300DF614C /* SignIn */,
				2E3F729E1E846D4000EAE05C /* App */,
			);
			name = Controller;
			sourceTree = "<group>";
		};
		2E21E51A1E8249A300DF614C /* SignIn */ = {
			isa = PBXGroup;
			children = (
				2E926DFA1E8E53F700070538 /* SignInViewController.swift */,
				2E926DFB1E8E53F700070538 /* PhoneNumberViewController.swift */,
				2E926DFC1E8E53F700070538 /* VerificationCodeViewController.swift */,
				2E926DFD1E8E53F700070538 /* TermsOfUseViewController.swift */,
			);
			name = SignIn;
			sourceTree = "<group>";
		};
		2E2FF1191EA12263006B9321 /* Cart */ = {
			isa = PBXGroup;
			children = (
				2E48F27A1E99475000DCBBC6 /* CartButton.swift */,
				2E2FF1131E9F8E03006B9321 /* CartNode.swift */,
				2E2FF1151E9FD0C1006B9321 /* CartContentNode.swift */,
				2E2FF11D1EA122F0006B9321 /* CartItemCellNode.swift */,
				2E2FF1211EA391AD006B9321 /* CartToolbarNode.swift */,
			);
			name = Cart;
			sourceTree = "<group>";
		};
		2E2FF11A1EA12295006B9321 /* Common */ = {
			isa = PBXGroup;
			children = (
				19BB4E7419EC6262ACB49B2B /* OneColumnLayout.swift */,
				2E80ACE91E8FAC9B00D0DBCF /* DefaultCellNode.swift */,
				2ED4C7151EC1EBB200374132 /* FormFieldNode.swift */,
			);
			name = Common;
			sourceTree = "<group>";
		};
		2E2FF11B1EA122AA006B9321 /* Home */ = {
			isa = PBXGroup;
			children = (
				2E9A77CB1E9503AF0042BBE9 /* ProductsMosaicLayout.swift */,
				19BB48AFDFEC94CCC6894936 /* ProductCellNode.swift */,
				2E48F27E1E9AB27900DCBBC6 /* PriceNode.swift */,
			);
			name = Home;
			sourceTree = "<group>";
		};
		2E2FF11C1EA122C7006B9321 /* Menu */ = {
			isa = PBXGroup;
			children = (
				2E926E2B1E8E54E800070538 /* MenuCellNode.swift */,
				2E926E2C1E8E54E800070538 /* MenusNode.swift */,
			);
			name = Menu;
			sourceTree = "<group>";
		};
		2E2FF1351EA693BA006B9321 /* sushnaya-ios-tests */ = {
			isa = PBXGroup;
			children = (
				2E2FF1361EA693BA006B9321 /* CartTest.swift */,
				2E2FF1381EA693BA006B9321 /* Info.plist */,
				2ED4C7011EB4989B00374132 /* YandexGeocoderTest.swift */,
				2EF9421B1EEBE75C00CEE0B7 /* CashCalculatorTest.swift */,
			);
			path = "sushnaya-ios-tests";
			sourceTree = "<group>";
		};
		2E3F729E1E846D4000EAE05C /* App */ = {
			isa = PBXGroup;
			children = (
				2E0E05D01F49B718005CFF6B /* Checkout */,
				2ECB50801ECCEEAD00AF1204 /* Order */,
				2E926E021E8E540000070538 /* HomeViewController.swift */,
				2E926E031E8E540000070538 /* SettingsViewController.swift */,
				2E926E041E8E540000070538 /* MenusViewController.swift */,
				2E926E061E8E540000070538 /* FiltersViewController.swift */,
				19BB4BC0CF6F2C3200B99AEE /* MainViewController.swift */,
				2EB2992A1E98E2CB00189D4B /* Cart */,
				19BB419A2D69FA26887D6433 /* Address */,
			);
			name = App;
			sourceTree = "<group>";
		};
		2E5F60E51E853A7F00C96388 /* Event */ = {
			isa = PBXGroup;
			children = (
				2E926DE61E8E53E100070538 /* DidAuthenticateEvent.swift */,
				2E926DE71E8E53E100070538 /* Event.swift */,
				2E926DE81E8E53E100070538 /* TermsOfUseUpdatedEvent.swift */,
				2E926DE91E8E53E100070538 /* OpeningConnectionAPIChatEvent.swift */,
				2E926DEA1E8E53E100070538 /* APIChatErrorEvent.swift */,
				2E926DEB1E8E53E100070538 /* ConnectionDidOpenAPIChatEvent.swift */,
				2E926DEC1E8E53E100070538 /* ConnectionDidCloseAPIChatEvent.swift */,
				2E926DEE1E8E53E100070538 /* GetMenuEvent.swift */,
				2E926DED1E8E53E100070538 /* SelectMenuEvent.swift */,
				2E926DEF1E8E53E100070538 /* DidSelectMenuEvent.swift */,
				2E64933D1E9D0D1000375F33 /* DidAddToCartEvent.swift */,
				2E64933F1E9D129B00375F33 /* DidRemoveFromCartEvent.swift */,
				2E2FF1271EA65963006B9321 /* AddToCartEvent.swift */,
				2E2FF1291EA659FC006B9321 /* RemoveFromCartEvent.swift */,
			);
			name = Event;
			sourceTree = "<group>";
		};
		2E6AF3021EB3A30500254D3B /* Address */ = {
			isa = PBXGroup;
			children = (
				2E6AF3031EB3A32C00254D3B /* AddressMapNode.swift */,
				2E6AF3051EB3A34000254D3B /* AddressFormNode.swift */,
				2E6AF3071EB3AB5800254D3B /* AddressNavbarNode.swift */,
				2ED4C7051EB60F4600374132 /* AddressMapCalloutNode.swift */,
				2ED4C7091EBBA51400374132 /* SuggestionCellNode.swift */,
				2ED4C7171EC2301E00374132 /* SuggestionsWidget.swift */,
				2E218B501F4B4B8000B5213C /* AddressContentNode.swift */,
			);
			name = Address;
			sourceTree = "<group>";
		};
		2E72A3AC1E830A1B00548DBA /* Util */ = {
			isa = PBXGroup;
			children = (
				2ED4C6FF1EB4978B00374132 /* YandexGeocoder.swift */,
				2E926E391E8E551600070538 /* CGPointExt.swift */,
				2E926E3A1E8E551600070538 /* Debouncer.swift */,
				2E926E3B1E8E551600070538 /* UIColorExt.swift */,
				2E926E3C1E8E551600070538 /* StringExt.swift */,
				2E926E3D1E8E551600070538 /* UIViewControllerExt.swift */,
				2E926E3E1E8E551600070538 /* NSAttributedStringExt.swift */,
				2E926E3F1E8E551600070538 /* CGSizeExt.swift */,
				2E926E401E8E551600070538 /* CGFloatExt.swift */,
				2E926E411E8E551600070538 /* PopExt.swift */,
				2E926E421E8E551600070538 /* ASEditableTextNodeExt.swift */,
				2E926E431E8E551600070538 /* Global.swift */,
				2E926E441E8E551600070538 /* UIImageExt.swift */,
				2E48F27C1E99660E00DCBBC6 /* Geometry.swift */,
				2E2FF1251EA65845006B9321 /* DataStructure.swift */,
				2E9147021EB3388400E0D312 /* ASControlNodeExt.swift */,
				2ED4C70B1EBC87AE00374132 /* UIViewExt.swift */,
				2ED4C70D1EBE2BC800374132 /* Dadata.swift */,
				2EF2D7461F052A3D001B241A /* CashCalculator.swift */,
			);
			name = Util;
			sourceTree = "<group>";
		};
		2E7AE6FA1EC9AE5700748C33 /* Order */ = {
			isa = PBXGroup;
			children = (
				2ECB50761ECC7A4500AF1204 /* OrderNavbarNode.swift */,
				2ECB50781ECCA20F00AF1204 /* OrderWithDeliveryFormNode.swift */,
				2ECB507A1ECCE72400AF1204 /* AddressSectionNode.swift */,
				2ECB507C1ECCE8B400AF1204 /* PaymentSectionNode.swift */,
				2ECB507E1ECCE91500AF1204 /* OptionalSectionNode.swift */,
				2ECB50811ECDAF7000AF1204 /* SummarySectionNode.swift */,
				2E3013371EEAF7F800CAD153 /* CashOptionsSectionNode.swift */,
				2EF942191EEB41C000CEE0B7 /* CashOptionCellNode.swift */,
				2E7AED2F1F07AEA700E01884 /* AddressCellNode.swift */,
				2E7AED311F07B45D00E01884 /* AddAddressCellNode.swift */,
			);
			name = Order;
			sourceTree = "<group>";
		};
		2E7BCA631E7AC4F000B6FEE6 /* Supporting Files */ = {
			isa = PBXGroup;
			children = (
				2E926E221E8E54BC00070538 /* Default-568h@2x.png */,
				2E926E231E8E54BC00070538 /* Default-667h@2x.png */,
				2E926E241E8E54BC00070538 /* Default-736h@3x.png */,
				2E63727C1E803945009EE5B8 /* TermsOfUse.html */,
				2E7BCA671E7B087500B6FEE6 /* intro_video.mp4 */,
				2E94CC6B1E7963E800C51D58 /* Info.plist */,
			);
			name = "Supporting Files";
			sourceTree = "<group>";
		};
		2E9146FB1EB1F65C00E0D312 /* Common */ = {
			isa = PBXGroup;
			children = (
				2E926E0C1E8E540900070538 /* PaperFold.swift */,
			);
			name = Common;
			sourceTree = "<group>";
		};
		2E926E0E1E8E541900070538 /* View */ = {
			isa = PBXGroup;
			children = (
				2E926E211E8E547400070538 /* App */,
				2E926E161E8E544C00070538 /* SignIn */,
				2E926E0F1E8E542700070538 /* Control */,
			);
			name = View;
			sourceTree = "<group>";
		};
		2E926E0F1E8E542700070538 /* Control */ = {
			isa = PBXGroup;
			children = (
				2E926E171E8E546000070538 /* ButtonNode.swift */,
				2E926E101E8E544300070538 /* PaperButton.swift */,
				2E926E111E8E544300070538 /* PaperElevation.swift */,
				2E926E121E8E544300070538 /* PaperColor.swift */,
				2E2FF11F1EA22F60006B9321 /* Label.swift */,
				2E9147001EB32DFC00E0D312 /* SegmentedControlNode.swift */,
				2E479F0F1F34FC2600396965 /* HorizontalLinearFlowLayout.swift */,
			);
			name = Control;
			sourceTree = "<group>";
		};
		2E926E161E8E544C00070538 /* SignIn */ = {
			isa = PBXGroup;
			children = (
				2E926E191E8E546A00070538 /* SignInNode.swift */,
				2E926E1A1E8E546A00070538 /* SignInPagerNode.swift */,
				2E926E1B1E8E546A00070538 /* PhoneNumberNode.swift */,
				2E926E1C1E8E546A00070538 /* VerificationCodeNode.swift */,
			);
			name = SignIn;
			sourceTree = "<group>";
		};
		2E926E211E8E547400070538 /* App */ = {
			isa = PBXGroup;
			children = (
				2E7AE6FA1EC9AE5700748C33 /* Order */,
				2E6AF3021EB3A30500254D3B /* Address */,
				2E2FF11C1EA122C7006B9321 /* Menu */,
				2E2FF11B1EA122AA006B9321 /* Home */,
				2E2FF11A1EA12295006B9321 /* Common */,
				2E2FF1191EA12263006B9321 /* Cart */,
			);
			name = App;
			sourceTree = "<group>";
		};
		2E94CC531E7963E700C51D58 = {
			isa = PBXGroup;
			children = (
				2E94CC741E79D0E100C51D58 /* sushnaya-ios.playground */,
				2E94CC5E1E7963E800C51D58 /* sushnaya-ios */,
				2E2FF1351EA693BA006B9321 /* sushnaya-ios-tests */,
				2E94CC5D1E7963E800C51D58 /* Products */,
				B0F2287120B9E009A9972AA9 /* Pods */,
				A3F9701793BE3119A8FC1600 /* Frameworks */,
			);
			sourceTree = "<group>";
		};
		2E94CC5D1E7963E800C51D58 /* Products */ = {
			isa = PBXGroup;
			children = (
				2E94CC5C1E7963E800C51D58 /* sushnaya-ios.app */,
				2E2FF1341EA693BA006B9321 /* sushnaya-ios-tests.xctest */,
			);
			name = Products;
			sourceTree = "<group>";
		};
		2E94CC5E1E7963E800C51D58 /* sushnaya-ios */ = {
			isa = PBXGroup;
			children = (
				2EA2CA9C1F35D94200ACAD93 /* API */,
				2E926DDE1E8E53D100070538 /* App.swift */,
				2E926DDF1E8E53D100070538 /* UserSession.swift */,
				19BB4EDE411E92ABDA1E1EDC /* UserSettings.swift */,
				2E926E281E8E54CE00070538 /* Constants.swift */,
				2E926E291E8E54CE00070538 /* bridge-header.h */,
				2E21E5161E823F9C00DF614C /* Model */,
				2E926E0E1E8E541900070538 /* View */,
				2E21E5171E823FA800DF614C /* Controller */,
				2E5F60E51E853A7F00C96388 /* Event */,
				2E94CC661E7963E800C51D58 /* Assets.xcassets */,
				2E7BCA631E7AC4F000B6FEE6 /* Supporting Files */,
				2E72A3AC1E830A1B00548DBA /* Util */,
				2ED4C7131EC1CC8100374132 /* PlaygroundViewController.swift */,
				19BB4BA1ADA14072EE394DEB /* Transitioning */,
			);
			path = "sushnaya-ios";
			sourceTree = "<group>";
		};
		2EA2CA9C1F35D94200ACAD93 /* API */ = {
			isa = PBXGroup;
			children = (
				2EA2CA9A1F35D8F600ACAD93 /* FoodServiceRest.swift */,
				2E926DE11E8E53D100070538 /* FoodServiceWebsocket.swift */,
				2EA2CA9D1F35D9DF00ACAD93 /* FoodServiceAuth.swift */,
				2EA2CA9F1F35DECA00ACAD93 /* FoodServiceImages.swift */,
			);
			name = API;
			sourceTree = "<group>";
		};
		2EB2992A1E98E2CB00189D4B /* Cart */ = {
			isa = PBXGroup;
			children = (
				2E9A77D11E97AE550042BBE9 /* CartViewController.swift */,
			);
			name = Cart;
			sourceTree = "<group>";
		};
		2ECB50801ECCEEAD00AF1204 /* Order */ = {
			isa = PBXGroup;
			children = (
				2E7AE6FC1EC9AEAB00748C33 /* CheckoutViewController.swift */,
				2E218B521F4ED55600B5213C /* OrderViewController.swift */,
			);
			name = Order;
			sourceTree = "<group>";
		};
		A3F9701793BE3119A8FC1600 /* Frameworks */ = {
			isa = PBXGroup;
			children = (
				489991CA68AC90F346EF30BE /* Pods_sushnaya_ios.framework */,
				C7364172E21650F8281B034E /* Pods_sushnaya_ios_tests.framework */,
			);
			name = Frameworks;
			sourceTree = "<group>";
		};
		B0F2287120B9E009A9972AA9 /* Pods */ = {
			isa = PBXGroup;
			children = (
				205D12542FA776D8BA85ED3F /* Pods-sushnaya-ios.debug.xcconfig */,
				D65B6BE6D9773B62E60783D8 /* Pods-sushnaya-ios.release.xcconfig */,
				18CA98D1845D2B1E27697A15 /* Pods-sushnaya-ios-tests.debug.xcconfig */,
				C2977A71B31E523EF33A32BB /* Pods-sushnaya-ios-tests.release.xcconfig */,
			);
			name = Pods;
			sourceTree = "<group>";
		};
/* End PBXGroup section */

/* Begin PBXNativeTarget section */
		2E2FF1331EA693BA006B9321 /* sushnaya-ios-tests */ = {
			isa = PBXNativeTarget;
			buildConfigurationList = 2E2FF13B1EA693BA006B9321 /* Build configuration list for PBXNativeTarget "sushnaya-ios-tests" */;
			buildPhases = (
				539B429E83B0313FF1B2B9BA /* [CP] Check Pods Manifest.lock */,
				2E2FF1301EA693BA006B9321 /* Sources */,
				2E2FF1311EA693BA006B9321 /* Frameworks */,
				2E2FF1321EA693BA006B9321 /* Resources */,
				6F6BBFAD1EA1F2636BDA7437 /* [CP] Embed Pods Frameworks */,
				4C8BFAF6195F68C8EC140A84 /* [CP] Copy Pods Resources */,
			);
			buildRules = (
			);
			dependencies = (
				2E2FF13A1EA693BA006B9321 /* PBXTargetDependency */,
			);
			name = "sushnaya-ios-tests";
			productName = "sushnaya-ios-tests";
			productReference = 2E2FF1341EA693BA006B9321 /* sushnaya-ios-tests.xctest */;
			productType = "com.apple.product-type.bundle.unit-test";
		};
		2E94CC5B1E7963E800C51D58 /* sushnaya-ios */ = {
			isa = PBXNativeTarget;
			buildConfigurationList = 2E94CC6E1E7963E800C51D58 /* Build configuration list for PBXNativeTarget "sushnaya-ios" */;
			buildPhases = (
				BEBB27E58D3A70CACABA40B7 /* [CP] Check Pods Manifest.lock */,
				2E94CC581E7963E800C51D58 /* Sources */,
				2E94CC591E7963E800C51D58 /* Frameworks */,
				2E94CC5A1E7963E800C51D58 /* Resources */,
				FA92968D66B2F323F412D7A1 /* [CP] Embed Pods Frameworks */,
				9C65F56C7B4792BC8DE2DC82 /* [CP] Copy Pods Resources */,
				2E43A5591E7A533500948413 /* ShellScript */,
			);
			buildRules = (
			);
			dependencies = (
			);
			name = "sushnaya-ios";
			productName = "sushnaya-ios";
			productReference = 2E94CC5C1E7963E800C51D58 /* sushnaya-ios.app */;
			productType = "com.apple.product-type.application";
		};
/* End PBXNativeTarget section */

/* Begin PBXProject section */
		2E94CC541E7963E700C51D58 /* Project object */ = {
			isa = PBXProject;
			attributes = {
				LastSwiftUpdateCheck = 0830;
				LastUpgradeCheck = 0820;
				ORGANIZATIONNAME = "igor kurilenko";
				TargetAttributes = {
					2E2FF1331EA693BA006B9321 = {
						CreatedOnToolsVersion = 8.3.1;
						DevelopmentTeam = 634QEDY38N;
						ProvisioningStyle = Automatic;
						TestTargetID = 2E94CC5B1E7963E800C51D58;
					};
					2E94CC5B1E7963E800C51D58 = {
						CreatedOnToolsVersion = 8.2.1;
						DevelopmentTeam = 634QEDY38N;
						LastSwiftMigration = 0820;
						ProvisioningStyle = Automatic;
					};
				};
			};
			buildConfigurationList = 2E94CC571E7963E700C51D58 /* Build configuration list for PBXProject "sushnaya-ios" */;
			compatibilityVersion = "Xcode 3.2";
			developmentRegion = English;
			hasScannedForEncodings = 0;
			knownRegions = (
				en,
				Base,
			);
			mainGroup = 2E94CC531E7963E700C51D58;
			productRefGroup = 2E94CC5D1E7963E800C51D58 /* Products */;
			projectDirPath = "";
			projectRoot = "";
			targets = (
				2E94CC5B1E7963E800C51D58 /* sushnaya-ios */,
				2E2FF1331EA693BA006B9321 /* sushnaya-ios-tests */,
			);
		};
/* End PBXProject section */

/* Begin PBXResourcesBuildPhase section */
		2E2FF1321EA693BA006B9321 /* Resources */ = {
			isa = PBXResourcesBuildPhase;
			buildActionMask = 2147483647;
			files = (
			);
			runOnlyForDeploymentPostprocessing = 0;
		};
		2E94CC5A1E7963E800C51D58 /* Resources */ = {
			isa = PBXResourcesBuildPhase;
			buildActionMask = 2147483647;
			files = (
				2E63727D1E803945009EE5B8 /* TermsOfUse.html in Resources */,
				2E926E251E8E54BC00070538 /* Default-568h@2x.png in Resources */,
				2E7BCA681E7B087500B6FEE6 /* intro_video.mp4 in Resources */,
				2E94CC671E7963E800C51D58 /* Assets.xcassets in Resources */,
				2E926E261E8E54BC00070538 /* Default-667h@2x.png in Resources */,
				2E926E271E8E54BC00070538 /* Default-736h@3x.png in Resources */,
			);
			runOnlyForDeploymentPostprocessing = 0;
		};
/* End PBXResourcesBuildPhase section */

/* Begin PBXShellScriptBuildPhase section */
		2E43A5591E7A533500948413 /* ShellScript */ = {
			isa = PBXShellScriptBuildPhase;
			buildActionMask = 2147483647;
			files = (
			);
			inputPaths = (
			);
			outputPaths = (
			);
			runOnlyForDeploymentPostprocessing = 0;
			shellPath = /bin/sh;
			shellScript = "\"${PODS_ROOT}/Fabric/run\" d928ddcf780310e633532abb6b293291172339d8 40a74e0849687b842c32dbbfa84791257dad72dfb2f9ff4bfb0bc07b3a24c628";
		};
		4C8BFAF6195F68C8EC140A84 /* [CP] Copy Pods Resources */ = {
			isa = PBXShellScriptBuildPhase;
			buildActionMask = 2147483647;
			files = (
			);
			inputPaths = (
			);
			name = "[CP] Copy Pods Resources";
			outputPaths = (
			);
			runOnlyForDeploymentPostprocessing = 0;
			shellPath = /bin/sh;
			shellScript = "\"${SRCROOT}/Pods/Target Support Files/Pods-sushnaya-ios-tests/Pods-sushnaya-ios-tests-resources.sh\"\n";
			showEnvVarsInLog = 0;
		};
		539B429E83B0313FF1B2B9BA /* [CP] Check Pods Manifest.lock */ = {
			isa = PBXShellScriptBuildPhase;
			buildActionMask = 2147483647;
			files = (
			);
			inputPaths = (
			);
			name = "[CP] Check Pods Manifest.lock";
			outputPaths = (
			);
			runOnlyForDeploymentPostprocessing = 0;
			shellPath = /bin/sh;
			shellScript = "diff \"${PODS_ROOT}/../Podfile.lock\" \"${PODS_ROOT}/Manifest.lock\" > /dev/null\nif [ $? != 0 ] ; then\n    # print error to STDERR\n    echo \"error: The sandbox is not in sync with the Podfile.lock. Run 'pod install' or update your CocoaPods installation.\" >&2\n    exit 1\nfi\n";
			showEnvVarsInLog = 0;
		};
		6F6BBFAD1EA1F2636BDA7437 /* [CP] Embed Pods Frameworks */ = {
			isa = PBXShellScriptBuildPhase;
			buildActionMask = 2147483647;
			files = (
			);
			inputPaths = (
			);
			name = "[CP] Embed Pods Frameworks";
			outputPaths = (
			);
			runOnlyForDeploymentPostprocessing = 0;
			shellPath = /bin/sh;
			shellScript = "\"${SRCROOT}/Pods/Target Support Files/Pods-sushnaya-ios-tests/Pods-sushnaya-ios-tests-frameworks.sh\"\n";
			showEnvVarsInLog = 0;
		};
		9C65F56C7B4792BC8DE2DC82 /* [CP] Copy Pods Resources */ = {
			isa = PBXShellScriptBuildPhase;
			buildActionMask = 2147483647;
			files = (
			);
			inputPaths = (
			);
			name = "[CP] Copy Pods Resources";
			outputPaths = (
			);
			runOnlyForDeploymentPostprocessing = 0;
			shellPath = /bin/sh;
			shellScript = "\"${SRCROOT}/Pods/Target Support Files/Pods-sushnaya-ios/Pods-sushnaya-ios-resources.sh\"\n";
			showEnvVarsInLog = 0;
		};
		BEBB27E58D3A70CACABA40B7 /* [CP] Check Pods Manifest.lock */ = {
			isa = PBXShellScriptBuildPhase;
			buildActionMask = 2147483647;
			files = (
			);
			inputPaths = (
			);
			name = "[CP] Check Pods Manifest.lock";
			outputPaths = (
			);
			runOnlyForDeploymentPostprocessing = 0;
			shellPath = /bin/sh;
			shellScript = "diff \"${PODS_ROOT}/../Podfile.lock\" \"${PODS_ROOT}/Manifest.lock\" > /dev/null\nif [ $? != 0 ] ; then\n    # print error to STDERR\n    echo \"error: The sandbox is not in sync with the Podfile.lock. Run 'pod install' or update your CocoaPods installation.\" >&2\n    exit 1\nfi\n";
			showEnvVarsInLog = 0;
		};
		FA92968D66B2F323F412D7A1 /* [CP] Embed Pods Frameworks */ = {
			isa = PBXShellScriptBuildPhase;
			buildActionMask = 2147483647;
			files = (
			);
			inputPaths = (
			);
			name = "[CP] Embed Pods Frameworks";
			outputPaths = (
			);
			runOnlyForDeploymentPostprocessing = 0;
			shellPath = /bin/sh;
			shellScript = "\"${SRCROOT}/Pods/Target Support Files/Pods-sushnaya-ios/Pods-sushnaya-ios-frameworks.sh\"\n";
			showEnvVarsInLog = 0;
		};
/* End PBXShellScriptBuildPhase section */

/* Begin PBXSourcesBuildPhase section */
		2E2FF1301EA693BA006B9321 /* Sources */ = {
			isa = PBXSourcesBuildPhase;
			buildActionMask = 2147483647;
			files = (
				2ED4C7021EB4989B00374132 /* YandexGeocoderTest.swift in Sources */,
				2E2FF1371EA693BA006B9321 /* CartTest.swift in Sources */,
				2EF9421C1EEBE75C00CEE0B7 /* CashCalculatorTest.swift in Sources */,
			);
			runOnlyForDeploymentPostprocessing = 0;
		};
		2E94CC581E7963E800C51D58 /* Sources */ = {
			isa = PBXSourcesBuildPhase;
			buildActionMask = 2147483647;
			files = (
				2E7AED321F07B45D00E01884 /* AddAddressCellNode.swift in Sources */,
				2E926E001E8E53F700070538 /* VerificationCodeViewController.swift in Sources */,
				2E2FF1281EA65963006B9321 /* AddToCartEvent.swift in Sources */,
				2E926DF81E8E53E100070538 /* GetMenuEvent.swift in Sources */,
				2E926E071E8E540000070538 /* HomeViewController.swift in Sources */,
				2ECB50771ECC7A4500AF1204 /* OrderNavbarNode.swift in Sources */,
				2E2FF1221EA391AE006B9321 /* CartToolbarNode.swift in Sources */,
				2E926E4A1E8E551600070538 /* NSAttributedStringExt.swift in Sources */,
				2EF9421A1EEB41C000CEE0B7 /* CashOptionCellNode.swift in Sources */,
				2E48F27D1E99660E00DCBBC6 /* Geometry.swift in Sources */,
				2E9147011EB32DFC00E0D312 /* SegmentedControlNode.swift in Sources */,
				2E48F27B1E99475000DCBBC6 /* CartButton.swift in Sources */,
				2E2FF1161E9FD0C1006B9321 /* CartContentNode.swift in Sources */,
				2ED4C7161EC1EBB200374132 /* FormFieldNode.swift in Sources */,
				2E6AF3041EB3A32C00254D3B /* AddressMapNode.swift in Sources */,
				2ECB507D1ECCE8B400AF1204 /* PaymentSectionNode.swift in Sources */,
				2E926E081E8E540000070538 /* SettingsViewController.swift in Sources */,
				2E926E151E8E544300070538 /* PaperColor.swift in Sources */,
				2E926DF01E8E53E100070538 /* DidAuthenticateEvent.swift in Sources */,
				2E926E2D1E8E54E800070538 /* MenuCellNode.swift in Sources */,
				2E926E011E8E53F700070538 /* TermsOfUseViewController.swift in Sources */,
				2ECB50791ECCA20F00AF1204 /* OrderWithDeliveryFormNode.swift in Sources */,
				2E926DF51E8E53E100070538 /* ConnectionDidOpenAPIChatEvent.swift in Sources */,
				2E2FF1261EA65845006B9321 /* DataStructure.swift in Sources */,
				2E926E0D1E8E540900070538 /* PaperFold.swift in Sources */,
				2E2FF12A1EA659FC006B9321 /* RemoveFromCartEvent.swift in Sources */,
				2ED4C7181EC2301E00374132 /* SuggestionsWidget.swift in Sources */,
				2E926E131E8E544300070538 /* PaperButton.swift in Sources */,
				2E926E4C1E8E551600070538 /* CGFloatExt.swift in Sources */,
				2ED4C7141EC1CC8100374132 /* PlaygroundViewController.swift in Sources */,
				2E3013381EEAF7F800CAD153 /* CashOptionsSectionNode.swift in Sources */,
				2E218B531F4ED55600B5213C /* OrderViewController.swift in Sources */,
				2E926DF41E8E53E100070538 /* APIChatErrorEvent.swift in Sources */,
				2E9147031EB3388400E0D312 /* ASControlNodeExt.swift in Sources */,
				2E6AF3081EB3AB5800254D3B /* AddressNavbarNode.swift in Sources */,
				2E926DE21E8E53D100070538 /* App.swift in Sources */,
				2E926E4D1E8E551600070538 /* PopExt.swift in Sources */,
				2E48F2791E98EB5000DCBBC6 /* Cart.swift in Sources */,
				2ED4C7041EB4B3F000374132 /* Address.swift in Sources */,
				2ED4C70E1EBE2BC800374132 /* Dadata.swift in Sources */,
				2E926DF31E8E53E100070538 /* OpeningConnectionAPIChatEvent.swift in Sources */,
				2E7AE6FD1EC9AEAB00748C33 /* CheckoutViewController.swift in Sources */,
				2E926E2E1E8E54E800070538 /* MenusNode.swift in Sources */,
				2E926E181E8E546000070538 /* ButtonNode.swift in Sources */,
				2E926E1D1E8E546A00070538 /* SignInNode.swift in Sources */,
				2E926E381E8E54F200070538 /* Product.swift in Sources */,
				2E2FF11E1EA122F0006B9321 /* CartItemCellNode.swift in Sources */,
				2E926E501E8E551600070538 /* UIImageExt.swift in Sources */,
				2E926DF91E8E53E100070538 /* DidSelectMenuEvent.swift in Sources */,
				2E9A77CC1E9503AF0042BBE9 /* ProductsMosaicLayout.swift in Sources */,
				2E926DE31E8E53D100070538 /* UserSession.swift in Sources */,
				2E926E491E8E551600070538 /* UIViewControllerExt.swift in Sources */,
				2E926E091E8E540000070538 /* MenusViewController.swift in Sources */,
				2E926E141E8E544300070538 /* PaperElevation.swift in Sources */,
				2E48F27F1E9AB27900DCBBC6 /* PriceNode.swift in Sources */,
				2EA2CA9E1F35D9DF00ACAD93 /* FoodServiceAuth.swift in Sources */,
				2E926E461E8E551600070538 /* Debouncer.swift in Sources */,
				2ECB50821ECDAF7000AF1204 /* SummarySectionNode.swift in Sources */,
				2ED4C7001EB4978B00374132 /* YandexGeocoder.swift in Sources */,
				2E926E4E1E8E551600070538 /* ASEditableTextNodeExt.swift in Sources */,
				2EF2D7471F052A3D001B241A /* CashCalculator.swift in Sources */,
				2E926E0B1E8E540000070538 /* FiltersViewController.swift in Sources */,
				2E80ACEA1E8FAC9B00D0DBCF /* DefaultCellNode.swift in Sources */,
				2E926DFE1E8E53F700070538 /* SignInViewController.swift in Sources */,
				2E926DE51E8E53D100070538 /* FoodServiceWebsocket.swift in Sources */,
				2E926E371E8E54F200070538 /* MenuCategory.swift in Sources */,
				2E479F101F34FC2600396965 /* HorizontalLinearFlowLayout.swift in Sources */,
				2ED4C7061EB60F4600374132 /* AddressMapCalloutNode.swift in Sources */,
				2E926E2A1E8E54CE00070538 /* Constants.swift in Sources */,
				2E7AED301F07AEA800E01884 /* AddressCellNode.swift in Sources */,
				2E6AF3061EB3A34000254D3B /* AddressFormNode.swift in Sources */,
				2E2FF1141E9F8E03006B9321 /* CartNode.swift in Sources */,
				2E926E1E1E8E546A00070538 /* SignInPagerNode.swift in Sources */,
				2E64933E1E9D0D1000375F33 /* DidAddToCartEvent.swift in Sources */,
				2E2FF1201EA22F60006B9321 /* Label.swift in Sources */,
				2E6493401E9D129B00375F33 /* DidRemoveFromCartEvent.swift in Sources */,
				2ED4C70C1EBC87AE00374132 /* UIViewExt.swift in Sources */,
				2E926DF71E8E53E100070538 /* SelectMenuEvent.swift in Sources */,
				2EA2CAA01F35DECA00ACAD93 /* FoodServiceImages.swift in Sources */,
				2E479F0A1F33920000396965 /* FoodServiceDto.pb.swift in Sources */,
				2E926E201E8E546A00070538 /* VerificationCodeNode.swift in Sources */,
				2E926E351E8E54F200070538 /* Locality.swift in Sources */,
				2ECB507B1ECCE72400AF1204 /* AddressSectionNode.swift in Sources */,
				2E926E361E8E54F200070538 /* Menu.swift in Sources */,
				2E926E481E8E551600070538 /* StringExt.swift in Sources */,
				2E218B511F4B4B8000B5213C /* AddressContentNode.swift in Sources */,
				2EA2CA9B1F35D8F600ACAD93 /* FoodServiceRest.swift in Sources */,
				2E926E471E8E551600070538 /* UIColorExt.swift in Sources */,
				2E926DF11E8E53E100070538 /* Event.swift in Sources */,
				2E926DFF1E8E53F700070538 /* PhoneNumberViewController.swift in Sources */,
				2E926E1F1E8E546A00070538 /* PhoneNumberNode.swift in Sources */,
				2E926E451E8E551600070538 /* CGPointExt.swift in Sources */,
				2E926E341E8E54F200070538 /* User.swift in Sources */,
				2E926DF21E8E53E100070538 /* TermsOfUseUpdatedEvent.swift in Sources */,
				2E926E4B1E8E551600070538 /* CGSizeExt.swift in Sources */,
				2E926DF61E8E53E100070538 /* ConnectionDidCloseAPIChatEvent.swift in Sources */,
				2E9A77D21E97AE560042BBE9 /* CartViewController.swift in Sources */,
				2ED4C70A1EBBA51400374132 /* SuggestionCellNode.swift in Sources */,
				2E926E4F1E8E551600070538 /* Global.swift in Sources */,
				19BB485CFD3BF7ECAE14EC5E /* OneColumnLayout.swift in Sources */,
				19BB41C75FD373B9B905B51D /* ProductCellNode.swift in Sources */,
				19BB44CE80D53BF3F610154E /* MainViewController.swift in Sources */,
				19BB4529FE30768E8B28DCAF /* Price.swift in Sources */,
				19BB488254FA94D583D1E0FD /* AddressViewController.swift in Sources */,
				2ECB507F1ECCE91500AF1204 /* OptionalSectionNode.swift in Sources */,
				19BB4D0FBB206525B2AE5C2F /* UserSettings.swift in Sources */,
				19BB421BFC522BE396C678DE /* PushUpPresentingTransitioning.swift in Sources */,
				19BB49956BFF478EB154255C /* PushDownDismissingTransitioning.swift in Sources */,
				19BB459E4AC99868DF72C5B2 /* SlideDownDismissingTransitioning.swift in Sources */,
				19BB4DCFECEA4DD0D09F6E3D /* SlideUpPresentingTransitioning.swift in Sources */,
			);
			runOnlyForDeploymentPostprocessing = 0;
		};
/* End PBXSourcesBuildPhase section */

/* Begin PBXTargetDependency section */
		2E2FF13A1EA693BA006B9321 /* PBXTargetDependency */ = {
			isa = PBXTargetDependency;
			target = 2E94CC5B1E7963E800C51D58 /* sushnaya-ios */;
			targetProxy = 2E2FF1391EA693BA006B9321 /* PBXContainerItemProxy */;
		};
/* End PBXTargetDependency section */

/* Begin XCBuildConfiguration section */
		2E2FF13C1EA693BA006B9321 /* Debug */ = {
			isa = XCBuildConfiguration;
			baseConfigurationReference = 18CA98D1845D2B1E27697A15 /* Pods-sushnaya-ios-tests.debug.xcconfig */;
			buildSettings = {
				BUNDLE_LOADER = "$(TEST_HOST)";
				CLANG_ANALYZER_NUMBER_OBJECT_CONVERSION = YES_AGGRESSIVE;
				DEBUG_INFORMATION_FORMAT = dwarf;
				DEVELOPMENT_TEAM = 634QEDY38N;
				INFOPLIST_FILE = "sushnaya-ios-tests/Info.plist";
				IPHONEOS_DEPLOYMENT_TARGET = 10.3;
				LD_RUNPATH_SEARCH_PATHS = "$(inherited) @executable_path/Frameworks @loader_path/Frameworks";
				PRODUCT_BUNDLE_IDENTIFIER = "com.sushnaya.sushnaya-ios-tests";
				PRODUCT_NAME = "$(TARGET_NAME)";
				SWIFT_OBJC_BRIDGING_HEADER = "sushnaya-ios/bridge-header.h";
				SWIFT_VERSION = 3.0;
				TEST_HOST = "$(BUILT_PRODUCTS_DIR)/sushnaya-ios.app/sushnaya-ios";
			};
			name = Debug;
		};
		2E2FF13D1EA693BA006B9321 /* Release */ = {
			isa = XCBuildConfiguration;
			baseConfigurationReference = C2977A71B31E523EF33A32BB /* Pods-sushnaya-ios-tests.release.xcconfig */;
			buildSettings = {
				BUNDLE_LOADER = "$(TEST_HOST)";
				CLANG_ANALYZER_NUMBER_OBJECT_CONVERSION = YES_AGGRESSIVE;
				DEVELOPMENT_TEAM = 634QEDY38N;
				INFOPLIST_FILE = "sushnaya-ios-tests/Info.plist";
				IPHONEOS_DEPLOYMENT_TARGET = 10.3;
				LD_RUNPATH_SEARCH_PATHS = "$(inherited) @executable_path/Frameworks @loader_path/Frameworks";
				PRODUCT_BUNDLE_IDENTIFIER = "com.sushnaya.sushnaya-ios-tests";
				PRODUCT_NAME = "$(TARGET_NAME)";
				SWIFT_OBJC_BRIDGING_HEADER = "sushnaya-ios/bridge-header.h";
				SWIFT_VERSION = 3.0;
				TEST_HOST = "$(BUILT_PRODUCTS_DIR)/sushnaya-ios.app/sushnaya-ios";
			};
			name = Release;
		};
		2E94CC6C1E7963E800C51D58 /* Debug */ = {
			isa = XCBuildConfiguration;
			buildSettings = {
				ALWAYS_SEARCH_USER_PATHS = NO;
				CLANG_ANALYZER_LOCALIZABILITY_NONLOCALIZED = YES;
				CLANG_ANALYZER_NONNULL = YES;
				CLANG_CXX_LANGUAGE_STANDARD = "gnu++0x";
				CLANG_CXX_LIBRARY = "libc++";
				CLANG_ENABLE_MODULES = YES;
				CLANG_ENABLE_OBJC_ARC = YES;
				CLANG_WARN_BOOL_CONVERSION = YES;
				CLANG_WARN_CONSTANT_CONVERSION = YES;
				CLANG_WARN_DIRECT_OBJC_ISA_USAGE = YES_ERROR;
				CLANG_WARN_DOCUMENTATION_COMMENTS = YES;
				CLANG_WARN_EMPTY_BODY = YES;
				CLANG_WARN_ENUM_CONVERSION = YES;
				CLANG_WARN_INFINITE_RECURSION = YES;
				CLANG_WARN_INT_CONVERSION = YES;
				CLANG_WARN_OBJC_ROOT_CLASS = YES_ERROR;
				CLANG_WARN_SUSPICIOUS_MOVE = YES;
				CLANG_WARN_UNREACHABLE_CODE = YES;
				CLANG_WARN__DUPLICATE_METHOD_MATCH = YES;
				"CODE_SIGN_IDENTITY[sdk=iphoneos*]" = "iPhone Developer";
				COPY_PHASE_STRIP = NO;
				DEBUG_INFORMATION_FORMAT = "dwarf-with-dsym";
				ENABLE_STRICT_OBJC_MSGSEND = YES;
				ENABLE_TESTABILITY = YES;
				GCC_C_LANGUAGE_STANDARD = gnu99;
				GCC_DYNAMIC_NO_PIC = NO;
				GCC_NO_COMMON_BLOCKS = YES;
				GCC_OPTIMIZATION_LEVEL = 0;
				GCC_PREPROCESSOR_DEFINITIONS = (
					"DEBUG=1",
					"$(inherited)",
				);
				GCC_WARN_64_TO_32_BIT_CONVERSION = YES;
				GCC_WARN_ABOUT_RETURN_TYPE = YES_ERROR;
				GCC_WARN_UNDECLARED_SELECTOR = YES;
				GCC_WARN_UNINITIALIZED_AUTOS = YES_AGGRESSIVE;
				GCC_WARN_UNUSED_FUNCTION = YES;
				GCC_WARN_UNUSED_VARIABLE = YES;
				IPHONEOS_DEPLOYMENT_TARGET = 10.2;
				MTL_ENABLE_DEBUG_INFO = YES;
				ONLY_ACTIVE_ARCH = YES;
				SDKROOT = iphoneos;
				SWIFT_ACTIVE_COMPILATION_CONDITIONS = DEBUG;
				SWIFT_OPTIMIZATION_LEVEL = "-Onone";
			};
			name = Debug;
		};
		2E94CC6D1E7963E800C51D58 /* Release */ = {
			isa = XCBuildConfiguration;
			buildSettings = {
				ALWAYS_SEARCH_USER_PATHS = NO;
				CLANG_ANALYZER_LOCALIZABILITY_NONLOCALIZED = YES;
				CLANG_ANALYZER_NONNULL = YES;
				CLANG_CXX_LANGUAGE_STANDARD = "gnu++0x";
				CLANG_CXX_LIBRARY = "libc++";
				CLANG_ENABLE_MODULES = YES;
				CLANG_ENABLE_OBJC_ARC = YES;
				CLANG_WARN_BOOL_CONVERSION = YES;
				CLANG_WARN_CONSTANT_CONVERSION = YES;
				CLANG_WARN_DIRECT_OBJC_ISA_USAGE = YES_ERROR;
				CLANG_WARN_DOCUMENTATION_COMMENTS = YES;
				CLANG_WARN_EMPTY_BODY = YES;
				CLANG_WARN_ENUM_CONVERSION = YES;
				CLANG_WARN_INFINITE_RECURSION = YES;
				CLANG_WARN_INT_CONVERSION = YES;
				CLANG_WARN_OBJC_ROOT_CLASS = YES_ERROR;
				CLANG_WARN_SUSPICIOUS_MOVE = YES;
				CLANG_WARN_UNREACHABLE_CODE = YES;
				CLANG_WARN__DUPLICATE_METHOD_MATCH = YES;
				"CODE_SIGN_IDENTITY[sdk=iphoneos*]" = "iPhone Developer";
				COPY_PHASE_STRIP = NO;
				DEBUG_INFORMATION_FORMAT = "dwarf-with-dsym";
				ENABLE_NS_ASSERTIONS = NO;
				ENABLE_STRICT_OBJC_MSGSEND = YES;
				GCC_C_LANGUAGE_STANDARD = gnu99;
				GCC_NO_COMMON_BLOCKS = YES;
				GCC_WARN_64_TO_32_BIT_CONVERSION = YES;
				GCC_WARN_ABOUT_RETURN_TYPE = YES_ERROR;
				GCC_WARN_UNDECLARED_SELECTOR = YES;
				GCC_WARN_UNINITIALIZED_AUTOS = YES_AGGRESSIVE;
				GCC_WARN_UNUSED_FUNCTION = YES;
				GCC_WARN_UNUSED_VARIABLE = YES;
				IPHONEOS_DEPLOYMENT_TARGET = 10.2;
				MTL_ENABLE_DEBUG_INFO = NO;
				SDKROOT = iphoneos;
				SWIFT_OPTIMIZATION_LEVEL = "-Owholemodule";
				VALIDATE_PRODUCT = YES;
			};
			name = Release;
		};
		2E94CC6F1E7963E800C51D58 /* Debug */ = {
			isa = XCBuildConfiguration;
			baseConfigurationReference = 205D12542FA776D8BA85ED3F /* Pods-sushnaya-ios.debug.xcconfig */;
			buildSettings = {
				ASSETCATALOG_COMPILER_APPICON_NAME = AppIcon;
				CLANG_ENABLE_MODULES = YES;
				DEBUG_ACTIVITY_MODE = "";
				"DEBUG_ACTIVITY_MODE[sdk=iphonesimulator*]" = disable;
				DEVELOPMENT_TEAM = 634QEDY38N;
				INFOPLIST_FILE = "sushnaya-ios/Info.plist";
				LD_RUNPATH_SEARCH_PATHS = "$(inherited) @executable_path/Frameworks";
				PRODUCT_BUNDLE_IDENTIFIER = "com.sushnaya.sushnaya-ios";
				PRODUCT_NAME = "$(TARGET_NAME)";
				SWIFT_OBJC_BRIDGING_HEADER = "sushnaya-ios/bridge-header.h";
				SWIFT_OPTIMIZATION_LEVEL = "-Onone";
				SWIFT_VERSION = 3.0;
			};
			name = Debug;
		};
		2E94CC701E7963E800C51D58 /* Release */ = {
			isa = XCBuildConfiguration;
			baseConfigurationReference = D65B6BE6D9773B62E60783D8 /* Pods-sushnaya-ios.release.xcconfig */;
			buildSettings = {
				ASSETCATALOG_COMPILER_APPICON_NAME = AppIcon;
				CLANG_ENABLE_MODULES = YES;
				DEBUG_ACTIVITY_MODE = "";
				DEVELOPMENT_TEAM = 634QEDY38N;
				INFOPLIST_FILE = "sushnaya-ios/Info.plist";
				LD_RUNPATH_SEARCH_PATHS = "$(inherited) @executable_path/Frameworks";
				PRODUCT_BUNDLE_IDENTIFIER = "com.sushnaya.sushnaya-ios";
				PRODUCT_NAME = "$(TARGET_NAME)";
				SWIFT_OBJC_BRIDGING_HEADER = "sushnaya-ios/bridge-header.h";
				SWIFT_VERSION = 3.0;
			};
			name = Release;
		};
/* End XCBuildConfiguration section */

/* Begin XCConfigurationList section */
		2E2FF13B1EA693BA006B9321 /* Build configuration list for PBXNativeTarget "sushnaya-ios-tests" */ = {
			isa = XCConfigurationList;
			buildConfigurations = (
				2E2FF13C1EA693BA006B9321 /* Debug */,
				2E2FF13D1EA693BA006B9321 /* Release */,
			);
			defaultConfigurationIsVisible = 0;
			defaultConfigurationName = Release;
		};
		2E94CC571E7963E700C51D58 /* Build configuration list for PBXProject "sushnaya-ios" */ = {
			isa = XCConfigurationList;
			buildConfigurations = (
				2E94CC6C1E7963E800C51D58 /* Debug */,
				2E94CC6D1E7963E800C51D58 /* Release */,
			);
			defaultConfigurationIsVisible = 0;
			defaultConfigurationName = Release;
		};
		2E94CC6E1E7963E800C51D58 /* Build configuration list for PBXNativeTarget "sushnaya-ios" */ = {
			isa = XCConfigurationList;
			buildConfigurations = (
				2E94CC6F1E7963E800C51D58 /* Debug */,
				2E94CC701E7963E800C51D58 /* Release */,
			);
			defaultConfigurationIsVisible = 0;
			defaultConfigurationName = Release;
		};
/* End XCConfigurationList section */
	};
	rootObject = 2E94CC541E7963E700C51D58 /* Project object */;
}
